// !$*UTF8*$!
{
	archiveVersion = 1;
	classes = {
	};
	objectVersion = 77;
	objects = {

/* Begin PBXBuildFile section */
		01B7CDD92DF24A420B538C77 /* AppViewModelExtension.swift in Sources */ = {isa = PBXBuildFile; fileRef = 32578BF837B42E7E3EBEE2F8 /* AppViewModelExtension.swift */; };
		55F06E86B433B39FF0FC96B2 /* Adapter.swift in Sources */ = {isa = PBXBuildFile; fileRef = 92E9F9461F0F2753BBA0C95A /* Adapter.swift */; };
		5DFA98E0EA1783232F8C5C6B /* content.js in Resources */ = {isa = PBXBuildFile; fileRef = 1960AEF4C814D59DD55EAEC9 /* content.js */; };
		747FD8B126D318A65A640F4D /* Colors.swift in Sources */ = {isa = PBXBuildFile; fileRef = 2E761647298E60A467AFE070 /* Colors.swift */; };
		A475DD6B2EA70A2200E2C2C9 /* AppIcon.icon in Resources */ = {isa = PBXBuildFile; fileRef = A475DD6A2EA70A2200E2C2C9 /* AppIcon.icon */; };
		A475DD6C2EA70A2200E2C2C9 /* AppIcon.icon in Resources */ = {isa = PBXBuildFile; fileRef = A475DD6A2EA70A2200E2C2C9 /* AppIcon.icon */; };
		A475DD6D2EA70A2200E2C2C9 /* AppIcon.icon in Resources */ = {isa = PBXBuildFile; fileRef = A475DD6A2EA70A2200E2C2C9 /* AppIcon.icon */; };
		A475DD6E2EA70A2200E2C2C9 /* AppIcon.icon in Resources */ = {isa = PBXBuildFile; fileRef = A475DD6A2EA70A2200E2C2C9 /* AppIcon.icon */; };
		A484EB542EA751CF008A1BE9 /* ContentBlocker.appex in Embed Foundation Extensions */ = {isa = PBXBuildFile; fileRef = A484EB4B2EA751CF008A1BE9 /* ContentBlocker.appex */; settings = {ATTRIBUTES = (RemoveHeadersOnCopy, ); }; };
		A4E45A862EA6FA3C00305F93 /* Release.xcconfig in Resources */ = {isa = PBXBuildFile; fileRef = A4E45A842EA6FA3C00305F93 /* Release.xcconfig */; };
		A4E45A872EA6FA3C00305F93 /* Debug.xcconfig in Resources */ = {isa = PBXBuildFile; fileRef = A4E45A822EA6FA3C00305F93 /* Debug.xcconfig */; };
		A4E45A882EA6FA3C00305F93 /* Preview.xcconfig in Resources */ = {isa = PBXBuildFile; fileRef = A4E45A832EA6FA3C00305F93 /* Preview.xcconfig */; };
		A4E45A892EA6FA3C00305F93 /* Release.xcconfig in Resources */ = {isa = PBXBuildFile; fileRef = A4E45A842EA6FA3C00305F93 /* Release.xcconfig */; };
		A4E45A8A2EA6FA3C00305F93 /* Debug.xcconfig in Resources */ = {isa = PBXBuildFile; fileRef = A4E45A822EA6FA3C00305F93 /* Debug.xcconfig */; };
		A4E45A8B2EA6FA3C00305F93 /* Preview.xcconfig in Resources */ = {isa = PBXBuildFile; fileRef = A4E45A832EA6FA3C00305F93 /* Preview.xcconfig */; };
		A4E45A8C2EA6FA3C00305F93 /* Release.xcconfig in Resources */ = {isa = PBXBuildFile; fileRef = A4E45A842EA6FA3C00305F93 /* Release.xcconfig */; };
		A4E45A8D2EA6FA3C00305F93 /* Debug.xcconfig in Resources */ = {isa = PBXBuildFile; fileRef = A4E45A822EA6FA3C00305F93 /* Debug.xcconfig */; };
		A4E45A8E2EA6FA3C00305F93 /* Preview.xcconfig in Resources */ = {isa = PBXBuildFile; fileRef = A4E45A832EA6FA3C00305F93 /* Preview.xcconfig */; };
		A4E45A8F2EA6FA3C00305F93 /* Release.xcconfig in Resources */ = {isa = PBXBuildFile; fileRef = A4E45A842EA6FA3C00305F93 /* Release.xcconfig */; };
		A4E45A902EA6FA3C00305F93 /* Debug.xcconfig in Resources */ = {isa = PBXBuildFile; fileRef = A4E45A822EA6FA3C00305F93 /* Debug.xcconfig */; };
		A4E45A912EA6FA3C00305F93 /* Preview.xcconfig in Resources */ = {isa = PBXBuildFile; fileRef = A4E45A832EA6FA3C00305F93 /* Preview.xcconfig */; };
		B201AF5E2E95C4E4008A3464 /* Skip AI Extension.appex in Embed Foundation Extensions */ = {isa = PBXBuildFile; fileRef = B201AF5D2E95C4E4008A3464 /* Skip AI Extension.appex */; settings = {ATTRIBUTES = (RemoveHeadersOnCopy, ); }; };
		B201AF682E95C4E4008A3464 /* Skip AI Extension.appex in Embed Foundation Extensions */ = {isa = PBXBuildFile; fileRef = B201AF672E95C4E4008A3464 /* Skip AI Extension.appex */; settings = {ATTRIBUTES = (RemoveHeadersOnCopy, ); }; };
		BF0D87F0D7E3C0EC5ED62652 /* content.js in Resources */ = {isa = PBXBuildFile; fileRef = 1960AEF4C814D59DD55EAEC9 /* content.js */; };
		C88453A388D4EFF12FBFDE06 /* Helpers.swift in Sources */ = {isa = PBXBuildFile; fileRef = BA93A153DD494F412651C147 /* Helpers.swift */; };
		D3DD7E7F1AF44128D5E81E08 /* Colors.swift in Sources */ = {isa = PBXBuildFile; fileRef = 025072FBF3B0326010F7D8B9 /* Colors.swift */; };
		D772864343CEE28699B25419 /* AppViewModelExtension.swift in Sources */ = {isa = PBXBuildFile; fileRef = DCCB35782B38E03888E755EB /* AppViewModelExtension.swift */; };
		DB586B71FDDBBCD20E4A0709 /* background.js in Resources */ = {isa = PBXBuildFile; fileRef = 8596F8BF0C18B292E85E68C4 /* background.js */; };
		DBC87247CA62D41A5C05636C /* Adapter.swift in Sources */ = {isa = PBXBuildFile; fileRef = B83F89FCB4F7AEEB0924FB39 /* Adapter.swift */; };
		F00442F24DDA0DC5E26C53C6 /* background.js in Resources */ = {isa = PBXBuildFile; fileRef = 8596F8BF0C18B292E85E68C4 /* background.js */; };
/* End PBXBuildFile section */

/* Begin PBXContainerItemProxy section */
		A484EB522EA751CF008A1BE9 /* PBXContainerItemProxy */ = {
			isa = PBXContainerItemProxy;
			containerPortal = B201AF242E95C4E2008A3464 /* Project object */;
			proxyType = 1;
			remoteGlobalIDString = A484EB4A2EA751CF008A1BE9;
			remoteInfo = ContentBlocker;
		};
		A484EB602EA7535F008A1BE9 /* PBXContainerItemProxy */ = {
			isa = PBXContainerItemProxy;
			containerPortal = B201AF242E95C4E2008A3464 /* Project object */;
			proxyType = 1;
			remoteGlobalIDString = A484EB4A2EA751CF008A1BE9;
			remoteInfo = ContentBlocker;
		};
		B201AF5F2E95C4E4008A3464 /* PBXContainerItemProxy */ = {
			isa = PBXContainerItemProxy;
			containerPortal = B201AF242E95C4E2008A3464 /* Project object */;
			proxyType = 1;
			remoteGlobalIDString = B201AF5C2E95C4E4008A3464;
			remoteInfo = "Skip AI Extension (iOS)";
		};
		B201AF692E95C4E4008A3464 /* PBXContainerItemProxy */ = {
			isa = PBXContainerItemProxy;
			containerPortal = B201AF242E95C4E2008A3464 /* Project object */;
			proxyType = 1;
			remoteGlobalIDString = B201AF662E95C4E4008A3464;
			remoteInfo = "Skip AI Extension (macOS)";
		};
/* End PBXContainerItemProxy section */

/* Begin PBXCopyFilesBuildPhase section */
		B201AF902E95C4E4008A3464 /* Embed Foundation Extensions */ = {
			isa = PBXCopyFilesBuildPhase;
			buildActionMask = 2147483647;
			dstPath = "";
			dstSubfolderSpec = 13;
			files = (
				B201AF5E2E95C4E4008A3464 /* Skip AI Extension.appex in Embed Foundation Extensions */,
				A484EB542EA751CF008A1BE9 /* ContentBlocker.appex in Embed Foundation Extensions */,
			);
			name = "Embed Foundation Extensions";
			runOnlyForDeploymentPostprocessing = 0;
		};
		B201AF9A2E95C4E4008A3464 /* Embed Foundation Extensions */ = {
			isa = PBXCopyFilesBuildPhase;
			buildActionMask = 2147483647;
			dstPath = "";
			dstSubfolderSpec = 13;
			files = (
				B201AF682E95C4E4008A3464 /* Skip AI Extension.appex in Embed Foundation Extensions */,
			);
			name = "Embed Foundation Extensions";
			runOnlyForDeploymentPostprocessing = 0;
		};
/* End PBXCopyFilesBuildPhase section */

/* Begin PBXFileReference section */
		025072FBF3B0326010F7D8B9 /* Colors.swift */ = {isa = PBXFileReference; lastKnownFileType = sourcecode.swift; path = Colors.swift; sourceTree = "<group>"; };
		06461DB463C621F9FCCB7004 /* ExtensionCommunicator.swift */ = {isa = PBXFileReference; lastKnownFileType = sourcecode.swift; path = ExtensionCommunicator.swift; sourceTree = "<group>"; };
		1960AEF4C814D59DD55EAEC9 /* content.js */ = {isa = PBXFileReference; name = content.js; path = content.js; sourceTree = "<group>"; };
		201E28F4ACEABD5D238B5820 /* EnableExtensionViews.swift */ = {isa = PBXFileReference; lastKnownFileType = sourcecode.swift; path = EnableExtensionViews.swift; sourceTree = "<group>"; };
		2E761647298E60A467AFE070 /* Colors.swift */ = {isa = PBXFileReference; lastKnownFileType = sourcecode.swift; path = Colors.swift; sourceTree = "<group>"; };
		32578BF837B42E7E3EBEE2F8 /* AppViewModelExtension.swift */ = {isa = PBXFileReference; lastKnownFileType = sourcecode.swift; path = AppViewModelExtension.swift; sourceTree = "<group>"; };
		8596F8BF0C18B292E85E68C4 /* background.js */ = {isa = PBXFileReference; name = background.js; path = background.js; sourceTree = "<group>"; };
		92E9F9461F0F2753BBA0C95A /* Adapter.swift */ = {isa = PBXFileReference; lastKnownFileType = sourcecode.swift; path = Adapter.swift; sourceTree = "<group>"; };
		A475DD6A2EA70A2200E2C2C9 /* AppIcon.icon */ = {isa = PBXFileReference; lastKnownFileType = folder.iconcomposer.icon; path = AppIcon.icon; sourceTree = "<group>"; };
		A484EB4B2EA751CF008A1BE9 /* ContentBlocker.appex */ = {isa = PBXFileReference; explicitFileType = "wrapper.app-extension"; includeInIndex = 0; path = ContentBlocker.appex; sourceTree = BUILT_PRODUCTS_DIR; };
		A4D672352EA705D200B5C8DE /* icon.psd */ = {isa = PBXFileReference; lastKnownFileType = file; path = icon.psd; sourceTree = "<group>"; };
		A4D672362EA705D200B5C8DE /* icon-nobg.png */ = {isa = PBXFileReference; lastKnownFileType = image.png; path = "icon-nobg.png"; sourceTree = "<group>"; };
		A4D672372EA705D200B5C8DE /* icon-nobg_vectorized.svg */ = {isa = PBXFileReference; lastKnownFileType = text.xml; path = "icon-nobg_vectorized.svg"; sourceTree = "<group>"; };
		A4D672392EA705D200B5C8DE /* pnpm-lock.yaml */ = {isa = PBXFileReference; lastKnownFileType = text.yaml; path = "pnpm-lock.yaml"; sourceTree = "<group>"; };
		A4D6723A2EA705D200B5C8DE /* add-xcode-targets */ = {isa = PBXFileReference; lastKnownFileType = wrapper; path = "add-xcode-targets"; sourceTree = "<group>"; };
		A4D6723C2EA705D200B5C8DE /* Skip AI.xcodeproj */ = {isa = PBXFileReference; lastKnownFileType = "wrapper.pb-project"; path = "Skip AI.xcodeproj"; sourceTree = "<group>"; };
		A4D6723D2EA705D200B5C8DE /* tsconfig.json */ = {isa = PBXFileReference; lastKnownFileType = text.json; path = tsconfig.json; sourceTree = "<group>"; };
		A4D6723E2EA705D200B5C8DE /* tsconfig.node.json */ = {isa = PBXFileReference; lastKnownFileType = text.json; path = tsconfig.node.json; sourceTree = "<group>"; };
		A4E45A7D2EA6FA2C00305F93 /* Skip AI (iOS).entitlements */ = {isa = PBXFileReference; lastKnownFileType = text.plist.entitlements; path = "Skip AI (iOS).entitlements"; sourceTree = "<group>"; };
		A4E45A7E2EA6FA2C00305F93 /* Skip AI (macOS).entitlements */ = {isa = PBXFileReference; lastKnownFileType = text.plist.entitlements; path = "Skip AI (macOS).entitlements"; sourceTree = "<group>"; };
		A4E45A7F2EA6FA2C00305F93 /* Skip AI Extension (iOS).entitlements */ = {isa = PBXFileReference; lastKnownFileType = text.plist.entitlements; path = "Skip AI Extension (iOS).entitlements"; sourceTree = "<group>"; };
		A4E45A802EA6FA2C00305F93 /* Skip AI Extension (macOS).entitlements */ = {isa = PBXFileReference; lastKnownFileType = text.plist.entitlements; path = "Skip AI Extension (macOS).entitlements"; sourceTree = "<group>"; };
		A4E45A822EA6FA3C00305F93 /* Debug.xcconfig */ = {isa = PBXFileReference; lastKnownFileType = text.xcconfig; path = Debug.xcconfig; sourceTree = "<group>"; };
		A4E45A832EA6FA3C00305F93 /* Preview.xcconfig */ = {isa = PBXFileReference; lastKnownFileType = text.xcconfig; path = Preview.xcconfig; sourceTree = "<group>"; };
		A4E45A842EA6FA3C00305F93 /* Release.xcconfig */ = {isa = PBXFileReference; lastKnownFileType = text.xcconfig; path = Release.xcconfig; sourceTree = "<group>"; };
		A4E45B592EA6FC0400305F93 /* esbuild.mjs */ = {isa = PBXFileReference; lastKnownFileType = text; path = esbuild.mjs; sourceTree = "<group>"; };
		A4E45B5A2EA6FC0400305F93 /* esbuild.config.mjs */ = {isa = PBXFileReference; lastKnownFileType = text; path = esbuild.config.mjs; sourceTree = "<group>"; };
		A4E45B5B2EA6FC0400305F93 /* eslint.config.ts */ = {isa = PBXFileReference; lastKnownFileType = sourcecode.typescript; path = eslint.config.ts; sourceTree = "<group>"; };
		A4E45B5C2EA6FC0400305F93 /* icon.psd */ = {isa = PBXFileReference; lastKnownFileType = file; path = icon.psd; sourceTree = "<group>"; };
		A4E45B5D2EA6FC0400305F93 /* icon-nobg.png */ = {isa = PBXFileReference; lastKnownFileType = image.png; path = "icon-nobg.png"; sourceTree = "<group>"; };
		A4E45B5E2EA6FC0400305F93 /* icon-nobg_vectorized.svg */ = {isa = PBXFileReference; lastKnownFileType = text.xml; path = "icon-nobg_vectorized.svg"; sourceTree = "<group>"; };
		A4E45B602EA6FC0400305F93 /* Makefile */ = {isa = PBXFileReference; lastKnownFileType = sourcecode.make; path = Makefile; sourceTree = "<group>"; };
		A4E45B612EA6FC0400305F93 /* package.json */ = {isa = PBXFileReference; lastKnownFileType = text.json; path = package.json; sourceTree = "<group>"; };
		A4E45B632EA6FC0400305F93 /* tsconfig.app.json */ = {isa = PBXFileReference; lastKnownFileType = text.json; path = tsconfig.app.json; sourceTree = "<group>"; };
		B201AF402E95C4E4008A3464 /* Skip AI.app */ = {isa = PBXFileReference; explicitFileType = wrapper.application; includeInIndex = 0; path = "Skip AI.app"; sourceTree = BUILT_PRODUCTS_DIR; };
		B201AF522E95C4E4008A3464 /* Skip AI.app */ = {isa = PBXFileReference; explicitFileType = wrapper.application; includeInIndex = 0; path = "Skip AI.app"; sourceTree = BUILT_PRODUCTS_DIR; };
		B201AF5D2E95C4E4008A3464 /* Skip AI Extension.appex */ = {isa = PBXFileReference; explicitFileType = "wrapper.app-extension"; includeInIndex = 0; path = "Skip AI Extension.appex"; sourceTree = BUILT_PRODUCTS_DIR; };
		B201AF672E95C4E4008A3464 /* Skip AI Extension.appex */ = {isa = PBXFileReference; explicitFileType = "wrapper.app-extension"; includeInIndex = 0; path = "Skip AI Extension.appex"; sourceTree = BUILT_PRODUCTS_DIR; };
		B83F89FCB4F7AEEB0924FB39 /* Adapter.swift */ = {isa = PBXFileReference; lastKnownFileType = sourcecode.swift; path = Adapter.swift; sourceTree = "<group>"; };
		BA93A153DD494F412651C147 /* Helpers.swift */ = {isa = PBXFileReference; lastKnownFileType = sourcecode.swift; path = Helpers.swift; sourceTree = "<group>"; };
		DCCB35782B38E03888E755EB /* AppViewModelExtension.swift */ = {isa = PBXFileReference; lastKnownFileType = sourcecode.swift; path = AppViewModelExtension.swift; sourceTree = "<group>"; };
		E43A0B5E187D727083668DC3 /* ContentBlockerStateChecker.swift */ = {isa = PBXFileReference; lastKnownFileType = sourcecode.swift; path = ContentBlockerStateChecker.swift; sourceTree = "<group>"; };
/* End PBXFileReference section */

/* Begin PBXFileSystemSynchronizedBuildFileExceptionSet section */
		A484EB5D2EA75206008A1BE9 /* PBXFileSystemSynchronizedBuildFileExceptionSet */ = {
			isa = PBXFileSystemSynchronizedBuildFileExceptionSet;
			membershipExceptions = (
				iOS/ContentBlocker/blockerList.json,
				iOS/ContentBlocker/ContentBlockerRequestHandler.swift,
			);
			target = A484EB4A2EA751CF008A1BE9 /* ContentBlocker */;
		};
		A4E45AC12EA6FAC100305F93 /* PBXFileSystemSynchronizedBuildFileExceptionSet */ = {
			isa = PBXFileSystemSynchronizedBuildFileExceptionSet;
			membershipExceptions = (
				"/Localized: iOS/App/LaunchScreen.storyboard",
				"/Localized: iOS/App/Main.storyboard",
				"/Localized: Shared/App/Resources/Localizable.strings",
				iOS/App/Adapter.swift,
				iOS/App/AppViewModelExtension.swift,
				iOS/App/Colors.swift,
				iOS/App/ContentBlockerStateChecker.swift,
				iOS/App/EnableExtensionViews.swift,
				iOS/App/ExtensionCommunicator.swift,
				Shared/App/AppConstants.swift,
				Shared/App/AppViewModel.swift,
				Shared/App/AppViews.swift,
				Shared/App/Assets.xcassets,
				Shared/App/LocalizedString.swift,
				Shared/App/PlatformAdapter.swift,
				Shared/App/PlatformColor.swift,
				Shared/App/Resources/Icon.png,
				Shared/App/SkipAIApp.swift,
				Shared/App/ViewExtensions.swift,
				Shared/App/WindowConfiguration.swift,
				Shared/Logger.swift,
			);
			target = B201AF3F2E95C4E4008A3464 /* Skip AI (iOS) */;
		};
		A4E45AC22EA6FAC100305F93 /* PBXFileSystemSynchronizedBuildFileExceptionSet */ = {
			isa = PBXFileSystemSynchronizedBuildFileExceptionSet;
			membershipExceptions = (
				"/Localized: macOS/App/Main.storyboard",
				"/Localized: Shared/App/Resources/Localizable.strings",
				macOS/App/Adapter.swift,
				macOS/App/AppViewModelExtension.swift,
				macOS/App/Colors.swift,
				macOS/App/Helpers.swift,
				Shared/App/AppConstants.swift,
				Shared/App/AppViewModel.swift,
				Shared/App/AppViews.swift,
				Shared/App/Assets.xcassets,
				Shared/App/LocalizedString.swift,
				Shared/App/PlatformAdapter.swift,
				Shared/App/PlatformColor.swift,
				Shared/App/Resources/Icon.png,
				Shared/App/SkipAIApp.swift,
				Shared/App/ViewExtensions.swift,
				Shared/App/WindowConfiguration.swift,
				Shared/Logger.swift,
			);
			target = B201AF512E95C4E4008A3464 /* Skip AI (macOS) */;
		};
		A4E45AC32EA6FAC100305F93 /* PBXFileSystemSynchronizedBuildFileExceptionSet */ = {
			isa = PBXFileSystemSynchronizedBuildFileExceptionSet;
			membershipExceptions = (
				Shared/Extension/Resources/_locales,
				Shared/Extension/Resources/images,
				Shared/Extension/Resources/manifest.json,
				Shared/Extension/SafariWebExtensionHandler.swift,
				Shared/Logger.swift,
			);
			target = B201AF5C2E95C4E4008A3464 /* Skip AI Extension (iOS) */;
		};
		A4E45AC42EA6FAC100305F93 /* PBXFileSystemSynchronizedBuildFileExceptionSet */ = {
			isa = PBXFileSystemSynchronizedBuildFileExceptionSet;
			membershipExceptions = (
				Shared/Extension/Resources/_locales,
				Shared/Extension/Resources/images,
				Shared/Extension/Resources/manifest.json,
				Shared/Extension/SafariWebExtensionHandler.swift,
				Shared/Logger.swift,
			);
			target = B201AF662E95C4E4008A3464 /* Skip AI Extension (macOS) */;
		};
/* End PBXFileSystemSynchronizedBuildFileExceptionSet section */

/* Begin PBXFileSystemSynchronizedRootGroup section */
		A4E45A932EA6FA7C00305F93 /* Sources */ = {isa = PBXFileSystemSynchronizedRootGroup; exceptions = (A4E45AC12EA6FAC100305F93 /* PBXFileSystemSynchronizedBuildFileExceptionSet */, A4E45AC22EA6FAC100305F93 /* PBXFileSystemSynchronizedBuildFileExceptionSet */, A4E45AC32EA6FAC100305F93 /* PBXFileSystemSynchronizedBuildFileExceptionSet */, A4E45AC42EA6FAC100305F93 /* PBXFileSystemSynchronizedBuildFileExceptionSet */, A484EB5D2EA75206008A1BE9 /* PBXFileSystemSynchronizedBuildFileExceptionSet */, ); explicitFolders = (Shared/Extension/Resources/_locales, Shared/Extension/Resources/images, ); path = Sources; sourceTree = "<group>"; };
/* End PBXFileSystemSynchronizedRootGroup section */

/* Begin PBXFrameworksBuildPhase section */
		A484EB482EA751CF008A1BE9 /* Frameworks */ = {
			isa = PBXFrameworksBuildPhase;
			buildActionMask = 2147483647;
			files = (
			);
			runOnlyForDeploymentPostprocessing = 0;
		};
		B201AF3D2E95C4E4008A3464 /* Frameworks */ = {
			isa = PBXFrameworksBuildPhase;
			buildActionMask = 2147483647;
			files = (
			);
			runOnlyForDeploymentPostprocessing = 0;
		};
		B201AF4F2E95C4E4008A3464 /* Frameworks */ = {
			isa = PBXFrameworksBuildPhase;
			buildActionMask = 2147483647;
			files = (
			);
			runOnlyForDeploymentPostprocessing = 0;
		};
		B201AF5A2E95C4E4008A3464 /* Frameworks */ = {
			isa = PBXFrameworksBuildPhase;
			buildActionMask = 2147483647;
			files = (
			);
			runOnlyForDeploymentPostprocessing = 0;
		};
		B201AF642E95C4E4008A3464 /* Frameworks */ = {
			isa = PBXFrameworksBuildPhase;
			buildActionMask = 2147483647;
			files = (
			);
			runOnlyForDeploymentPostprocessing = 0;
		};
/* End PBXFrameworksBuildPhase section */

/* Begin PBXGroup section */
		45F97DF20D8B14C0D9C29E51 /* Sources */ = {
			isa = PBXGroup;
			children = (
				5F89554A652CCB645BFA27FC /* iOS */,
				FD1EAF3DC53B51527FAE812C /* macOS */,
			);
			path = Sources;
			sourceTree = "<group>";
		};
		46137B59AE7C4F4364A99CB5 /* App */ = {
			isa = PBXGroup;
			children = (
				E43A0B5E187D727083668DC3 /* ContentBlockerStateChecker.swift */,
				201E28F4ACEABD5D238B5820 /* EnableExtensionViews.swift */,
				06461DB463C621F9FCCB7004 /* ExtensionCommunicator.swift */,
				92E9F9461F0F2753BBA0C95A /* Adapter.swift */,
				32578BF837B42E7E3EBEE2F8 /* AppViewModelExtension.swift */,
				025072FBF3B0326010F7D8B9 /* Colors.swift */,
			);
			path = App;
			sourceTree = "<group>";
		};
		486E9DB4493CECF968FF1BE5 /* App */ = {
			isa = PBXGroup;
			children = (
				B83F89FCB4F7AEEB0924FB39 /* Adapter.swift */,
				DCCB35782B38E03888E755EB /* AppViewModelExtension.swift */,
				2E761647298E60A467AFE070 /* Colors.swift */,
				BA93A153DD494F412651C147 /* Helpers.swift */,
			);
			path = App;
			sourceTree = "<group>";
		};
		5F89554A652CCB645BFA27FC /* iOS */ = {
			isa = PBXGroup;
			children = (
				46137B59AE7C4F4364A99CB5 /* App */,
			);
			path = iOS;
			sourceTree = "<group>";
		};
		7C00200CF85F355C854B22BE /* webext */ = {
			isa = PBXGroup;
			children = (
				8596F8BF0C18B292E85E68C4 /* background.js */,
				1960AEF4C814D59DD55EAEC9 /* content.js */,
			);
			name = webext;
			path = dist/webext;
			sourceTree = "<group>";
		};
		A484EB5F2EA7535F008A1BE9 /* Frameworks */ = {
			isa = PBXGroup;
			children = (
			);
			name = Frameworks;
			sourceTree = "<group>";
		};
		A4D672382EA705D200B5C8DE /* icons */ = {
			isa = PBXGroup;
			children = (
				A4D672352EA705D200B5C8DE /* icon.psd */,
				A4D672362EA705D200B5C8DE /* icon-nobg.png */,
				A4D672372EA705D200B5C8DE /* icon-nobg_vectorized.svg */,
			);
			path = icons;
			sourceTree = "<group>";
		};
		A4D6723B2EA705D200B5C8DE /* scripts */ = {
			isa = PBXGroup;
			children = (
				A4D6723A2EA705D200B5C8DE /* add-xcode-targets */,
			);
			path = scripts;
			sourceTree = "<group>";
		};
		A4D6723F2EA705D200B5C8DE /* Products */ = {
			isa = PBXGroup;
			children = (
			);
			name = Products;
			sourceTree = "<group>";
		};
		A4E45A812EA6FA2C00305F93 /* Entitlements */ = {
			isa = PBXGroup;
			children = (
				A4E45A7D2EA6FA2C00305F93 /* Skip AI (iOS).entitlements */,
				A4E45A7E2EA6FA2C00305F93 /* Skip AI (macOS).entitlements */,
				A4E45A7F2EA6FA2C00305F93 /* Skip AI Extension (iOS).entitlements */,
				A4E45A802EA6FA2C00305F93 /* Skip AI Extension (macOS).entitlements */,
			);
			path = Entitlements;
			sourceTree = "<group>";
		};
		A4E45A852EA6FA3C00305F93 /* Configs */ = {
			isa = PBXGroup;
			children = (
				A4E45A822EA6FA3C00305F93 /* Debug.xcconfig */,
				A4E45A832EA6FA3C00305F93 /* Preview.xcconfig */,
				A4E45A842EA6FA3C00305F93 /* Release.xcconfig */,
			);
			path = Configs;
			sourceTree = "<group>";
		};
		A4E45B5F2EA6FC0400305F93 /* icons */ = {
			isa = PBXGroup;
			children = (
				A4E45B5C2EA6FC0400305F93 /* icon.psd */,
				A4E45B5D2EA6FC0400305F93 /* icon-nobg.png */,
				A4E45B5E2EA6FC0400305F93 /* icon-nobg_vectorized.svg */,
				A475DD6A2EA70A2200E2C2C9 /* AppIcon.icon */,
			);
			path = icons;
			sourceTree = "<group>";
		};
		B201AF232E95C4E2008A3464 = {
			isa = PBXGroup;
			children = (
				7C00200CF85F355C854B22BE /* webext */,
				A4E45B592EA6FC0400305F93 /* esbuild.mjs */,
				A4E45B5A2EA6FC0400305F93 /* esbuild.config.mjs */,
				A4E45B5B2EA6FC0400305F93 /* eslint.config.ts */,
				A4E45B5F2EA6FC0400305F93 /* icons */,
				A4E45B602EA6FC0400305F93 /* Makefile */,
				A4E45B612EA6FC0400305F93 /* package.json */,
				A4E45B632EA6FC0400305F93 /* tsconfig.app.json */,
				A4D672382EA705D200B5C8DE /* icons */,
				A4D672392EA705D200B5C8DE /* pnpm-lock.yaml */,
				A4D6723B2EA705D200B5C8DE /* scripts */,
				A4D6723C2EA705D200B5C8DE /* Skip AI.xcodeproj */,
				A4D6723D2EA705D200B5C8DE /* tsconfig.json */,
				A4D6723E2EA705D200B5C8DE /* tsconfig.node.json */,
				A4E45A932EA6FA7C00305F93 /* Sources */,
				A4E45A812EA6FA2C00305F93 /* Entitlements */,
				B201AF412E95C4E4008A3464 /* Products */,
				A4E45A852EA6FA3C00305F93 /* Configs */,
				A484EB5F2EA7535F008A1BE9 /* Frameworks */,
				45F97DF20D8B14C0D9C29E51 /* Sources */,
			);
			sourceTree = "<group>";
		};
		B201AF412E95C4E4008A3464 /* Products */ = {
			isa = PBXGroup;
			children = (
				B201AF402E95C4E4008A3464 /* Skip AI.app */,
				B201AF522E95C4E4008A3464 /* Skip AI.app */,
				B201AF5D2E95C4E4008A3464 /* Skip AI Extension.appex */,
				B201AF672E95C4E4008A3464 /* Skip AI Extension.appex */,
				A484EB4B2EA751CF008A1BE9 /* ContentBlocker.appex */,
			);
			name = Products;
			sourceTree = "<group>";
		};
		FD1EAF3DC53B51527FAE812C /* macOS */ = {
			isa = PBXGroup;
			children = (
				486E9DB4493CECF968FF1BE5 /* App */,
			);
			path = macOS;
			sourceTree = "<group>";
		};
/* End PBXGroup section */

/* Begin PBXNativeTarget section */
		A484EB4A2EA751CF008A1BE9 /* ContentBlocker */ = {
			isa = PBXNativeTarget;
			buildConfigurationList = A484EB552EA751CF008A1BE9 /* Build configuration list for PBXNativeTarget "ContentBlocker" */;
			buildPhases = (
				A484EB472EA751CF008A1BE9 /* Sources */,
				A484EB482EA751CF008A1BE9 /* Frameworks */,
				A484EB492EA751CF008A1BE9 /* Resources */,
			);
			buildRules = (
			);
			dependencies = (
			);
			name = ContentBlocker;
			packageProductDependencies = (
			);
			productName = ContentBlocker;
			productReference = A484EB4B2EA751CF008A1BE9 /* ContentBlocker.appex */;
			productType = "com.apple.product-type.app-extension";
		};
		B201AF3F2E95C4E4008A3464 /* Skip AI (iOS) */ = {
			isa = PBXNativeTarget;
			buildConfigurationList = B201AF912E95C4E4008A3464 /* Build configuration list for PBXNativeTarget "Skip AI (iOS)" */;
			buildPhases = (
				A402D3FF2EA871F4001143C2 /* ShellScript */,
				B201AF3C2E95C4E4008A3464 /* Sources */,
				B201AF3D2E95C4E4008A3464 /* Frameworks */,
				B201AF3E2E95C4E4008A3464 /* Resources */,
				B201AF902E95C4E4008A3464 /* Embed Foundation Extensions */,
			);
			buildRules = (
			);
			dependencies = (
				B201AF602E95C4E4008A3464 /* PBXTargetDependency */,
				A484EB532EA751CF008A1BE9 /* PBXTargetDependency */,
				A484EB612EA7535F008A1BE9 /* PBXTargetDependency */,
			);
			name = "Skip AI (iOS)";
			productName = "Skip AI (iOS)";
			productReference = B201AF402E95C4E4008A3464 /* Skip AI.app */;
			productType = "com.apple.product-type.application";
		};
		B201AF512E95C4E4008A3464 /* Skip AI (macOS) */ = {
			isa = PBXNativeTarget;
			buildConfigurationList = B201AF9B2E95C4E4008A3464 /* Build configuration list for PBXNativeTarget "Skip AI (macOS)" */;
			buildPhases = (
				A402D4002EA87237001143C2 /* ShellScript */,
				B201AF4E2E95C4E4008A3464 /* Sources */,
				B201AF4F2E95C4E4008A3464 /* Frameworks */,
				B201AF502E95C4E4008A3464 /* Resources */,
				B201AF9A2E95C4E4008A3464 /* Embed Foundation Extensions */,
			);
			buildRules = (
			);
			dependencies = (
				B201AF6A2E95C4E4008A3464 /* PBXTargetDependency */,
			);
			name = "Skip AI (macOS)";
			productName = "Skip AI (macOS)";
			productReference = B201AF522E95C4E4008A3464 /* Skip AI.app */;
			productType = "com.apple.product-type.application";
		};
		B201AF5C2E95C4E4008A3464 /* Skip AI Extension (iOS) */ = {
			isa = PBXNativeTarget;
			buildConfigurationList = B201AF8C2E95C4E4008A3464 /* Build configuration list for PBXNativeTarget "Skip AI Extension (iOS)" */;
			buildPhases = (
				B201AF592E95C4E4008A3464 /* Sources */,
				B201AF5A2E95C4E4008A3464 /* Frameworks */,
				EBC2A8AE9347A1FB797A0AA5 /* Build JavaScript */,
				B201AF5B2E95C4E4008A3464 /* Resources */,
			);
			buildRules = (
			);
			dependencies = (
			);
			name = "Skip AI Extension (iOS)";
			productName = "Skip AI Extension (iOS)";
			productReference = B201AF5D2E95C4E4008A3464 /* Skip AI Extension.appex */;
			productType = "com.apple.product-type.app-extension";
		};
		B201AF662E95C4E4008A3464 /* Skip AI Extension (macOS) */ = {
			isa = PBXNativeTarget;
			buildConfigurationList = B201AF962E95C4E4008A3464 /* Build configuration list for PBXNativeTarget "Skip AI Extension (macOS)" */;
			buildPhases = (
				B201AF632E95C4E4008A3464 /* Sources */,
				B201AF642E95C4E4008A3464 /* Frameworks */,
				6B78487D44C1906AC6D07E1E /* Build JavaScript */,
				B201AF652E95C4E4008A3464 /* Resources */,
			);
			buildRules = (
			);
			dependencies = (
			);
			name = "Skip AI Extension (macOS)";
			productName = "Skip AI Extension (macOS)";
			productReference = B201AF672E95C4E4008A3464 /* Skip AI Extension.appex */;
			productType = "com.apple.product-type.app-extension";
		};
/* End PBXNativeTarget section */

/* Begin PBXProject section */
		B201AF242E95C4E2008A3464 /* Project object */ = {
			isa = PBXProject;
			attributes = {
				BuildIndependentTargetsInParallel = 1;
				LastSwiftUpdateCheck = 2600;
				LastUpgradeCheck = 2600;
				TargetAttributes = {
					A484EB4A2EA751CF008A1BE9 = {
						CreatedOnToolsVersion = 26.0.1;
					};
					B201AF3F2E95C4E4008A3464 = {
						CreatedOnToolsVersion = 26.0.1;
					};
					B201AF512E95C4E4008A3464 = {
						CreatedOnToolsVersion = 26.0.1;
					};
					B201AF5C2E95C4E4008A3464 = {
						CreatedOnToolsVersion = 26.0.1;
					};
					B201AF662E95C4E4008A3464 = {
						CreatedOnToolsVersion = 26.0.1;
					};
				};
			};
			buildConfigurationList = B201AF272E95C4E2008A3464 /* Build configuration list for PBXProject "Skip AI" */;
			developmentRegion = en;
			hasScannedForEncodings = 0;
			knownRegions = (
				en,
				Base,
				es,
				fr,
				de,
				ja,
				"zh-Hans",
				pt,
				it,
				ar,
			);
			mainGroup = B201AF232E95C4E2008A3464;
			minimizedProjectReferenceProxies = 1;
			preferredProjectObjectVersion = 77;
			productRefGroup = B201AF412E95C4E4008A3464 /* Products */;
			projectDirPath = "";
			projectReferences = (
				{
					ProductGroup = A4D6723F2EA705D200B5C8DE /* Products */;
					ProjectRef = A4D6723C2EA705D200B5C8DE /* Skip AI.xcodeproj */;
				},
			);
			projectRoot = "";
			targets = (
				B201AF3F2E95C4E4008A3464 /* Skip AI (iOS) */,
				B201AF512E95C4E4008A3464 /* Skip AI (macOS) */,
				B201AF5C2E95C4E4008A3464 /* Skip AI Extension (iOS) */,
				B201AF662E95C4E4008A3464 /* Skip AI Extension (macOS) */,
				A484EB4A2EA751CF008A1BE9 /* ContentBlocker */,
			);
		};
/* End PBXProject section */

/* Begin PBXResourcesBuildPhase section */
		A484EB492EA751CF008A1BE9 /* Resources */ = {
			isa = PBXResourcesBuildPhase;
			buildActionMask = 2147483647;
			files = (
			);
			runOnlyForDeploymentPostprocessing = 0;
		};
		B201AF3E2E95C4E4008A3464 /* Resources */ = {
			isa = PBXResourcesBuildPhase;
			buildActionMask = 2147483647;
			files = (
				A4E45A8C2EA6FA3C00305F93 /* Release.xcconfig in Resources */,
				A4E45A8D2EA6FA3C00305F93 /* Debug.xcconfig in Resources */,
				A4E45A8E2EA6FA3C00305F93 /* Preview.xcconfig in Resources */,
				A475DD6E2EA70A2200E2C2C9 /* AppIcon.icon in Resources */,
			);
			runOnlyForDeploymentPostprocessing = 0;
		};
		B201AF502E95C4E4008A3464 /* Resources */ = {
			isa = PBXResourcesBuildPhase;
			buildActionMask = 2147483647;
			files = (
				A4E45A892EA6FA3C00305F93 /* Release.xcconfig in Resources */,
				A4E45A8A2EA6FA3C00305F93 /* Debug.xcconfig in Resources */,
				A475DD6B2EA70A2200E2C2C9 /* AppIcon.icon in Resources */,
				A4E45A8B2EA6FA3C00305F93 /* Preview.xcconfig in Resources */,
			);
			runOnlyForDeploymentPostprocessing = 0;
		};
		B201AF5B2E95C4E4008A3464 /* Resources */ = {
			isa = PBXResourcesBuildPhase;
			buildActionMask = 2147483647;
			files = (
				A4E45A8F2EA6FA3C00305F93 /* Release.xcconfig in Resources */,
				A4E45A902EA6FA3C00305F93 /* Debug.xcconfig in Resources */,
				A4E45A912EA6FA3C00305F93 /* Preview.xcconfig in Resources */,
				A475DD6D2EA70A2200E2C2C9 /* AppIcon.icon in Resources */,
				DB586B71FDDBBCD20E4A0709 /* background.js in Resources */,
				5DFA98E0EA1783232F8C5C6B /* content.js in Resources */,
			);
			runOnlyForDeploymentPostprocessing = 0;
		};
		B201AF652E95C4E4008A3464 /* Resources */ = {
			isa = PBXResourcesBuildPhase;
			buildActionMask = 2147483647;
			files = (
				A4E45A862EA6FA3C00305F93 /* Release.xcconfig in Resources */,
				A4E45A872EA6FA3C00305F93 /* Debug.xcconfig in Resources */,
				A4E45A882EA6FA3C00305F93 /* Preview.xcconfig in Resources */,
				A475DD6C2EA70A2200E2C2C9 /* AppIcon.icon in Resources */,
				F00442F24DDA0DC5E26C53C6 /* background.js in Resources */,
				BF0D87F0D7E3C0EC5ED62652 /* content.js in Resources */,
			);
			runOnlyForDeploymentPostprocessing = 0;
		};
/* End PBXResourcesBuildPhase section */

/* Begin PBXShellScriptBuildPhase section */
		6B78487D44C1906AC6D07E1E /* Build JavaScript */ = {
			isa = PBXShellScriptBuildPhase;
			buildActionMask = 2147483647;
			files = (
			);
			inputPaths = (
				"$(SRCROOT)/scripts/build-js-for-xcode.sh",
			);
			name = "Build JavaScript";
			outputFileListPaths = (
				"$(SRCROOT)/scripts/js-outputs.xcfilelist",
			);
			outputPaths = (
			);
			runOnlyForDeploymentPostprocessing = 0;
			shellPath = /bin/bash;
			shellScript = "\"$SRCROOT/scripts/build-js-for-xcode.sh\"\n";
		};
		A402D3FF2EA871F4001143C2 /* ShellScript */ = {
			isa = PBXShellScriptBuildPhase;
			buildActionMask = 2147483647;
			files = (
			);
			inputFileListPaths = (
			);
			inputPaths = (
			);
			outputFileListPaths = (
			);
			outputPaths = (
			);
			runOnlyForDeploymentPostprocessing = 0;
			shellPath = /bin/sh;
			shellScript = "     if command -v swiftlint >/dev/null 2>&1; then\n         swiftlint --lenient || true\n     else\n         echo \"warning: SwiftLint not installed\"\n     fi\n";
		};
		A402D4002EA87237001143C2 /* ShellScript */ = {
			isa = PBXShellScriptBuildPhase;
			buildActionMask = 2147483647;
			files = (
			);
			inputFileListPaths = (
			);
			inputPaths = (
			);
			outputFileListPaths = (
			);
			outputPaths = (
			);
			runOnlyForDeploymentPostprocessing = 0;
			shellPath = /bin/sh;
			shellScript = "     if command -v swiftlint >/dev/null 2>&1; then\n         swiftlint --lenient || true\n     else\n         echo \"warning: SwiftLint not installed\"\n     fi\n";
		};
		EBC2A8AE9347A1FB797A0AA5 /* Build JavaScript */ = {
			isa = PBXShellScriptBuildPhase;
			buildActionMask = 2147483647;
			files = (
			);
			inputPaths = (
				"$(SRCROOT)/scripts/build-js-for-xcode.sh",
			);
			name = "Build JavaScript";
			outputFileListPaths = (
				"$(SRCROOT)/scripts/js-outputs.xcfilelist",
			);
			outputPaths = (
			);
			runOnlyForDeploymentPostprocessing = 0;
			shellPath = /bin/bash;
			shellScript = "\"$SRCROOT/scripts/build-js-for-xcode.sh\"\n";
		};
/* End PBXShellScriptBuildPhase section */

/* Begin PBXSourcesBuildPhase section */
		A484EB472EA751CF008A1BE9 /* Sources */ = {
			isa = PBXSourcesBuildPhase;
			buildActionMask = 2147483647;
			files = (
			);
			runOnlyForDeploymentPostprocessing = 0;
		};
		B201AF3C2E95C4E4008A3464 /* Sources */ = {
			isa = PBXSourcesBuildPhase;
			buildActionMask = 2147483647;
			files = (
				55F06E86B433B39FF0FC96B2 /* Adapter.swift in Sources */,
				01B7CDD92DF24A420B538C77 /* AppViewModelExtension.swift in Sources */,
				D3DD7E7F1AF44128D5E81E08 /* Colors.swift in Sources */,
			);
			runOnlyForDeploymentPostprocessing = 0;
		};
		B201AF4E2E95C4E4008A3464 /* Sources */ = {
			isa = PBXSourcesBuildPhase;
			buildActionMask = 2147483647;
			files = (
				DBC87247CA62D41A5C05636C /* Adapter.swift in Sources */,
				D772864343CEE28699B25419 /* AppViewModelExtension.swift in Sources */,
				747FD8B126D318A65A640F4D /* Colors.swift in Sources */,
				C88453A388D4EFF12FBFDE06 /* Helpers.swift in Sources */,
			);
			runOnlyForDeploymentPostprocessing = 0;
		};
		B201AF592E95C4E4008A3464 /* Sources */ = {
			isa = PBXSourcesBuildPhase;
			buildActionMask = 2147483647;
			files = (
			);
			runOnlyForDeploymentPostprocessing = 0;
		};
		B201AF632E95C4E4008A3464 /* Sources */ = {
			isa = PBXSourcesBuildPhase;
			buildActionMask = 2147483647;
			files = (
			);
			runOnlyForDeploymentPostprocessing = 0;
		};
/* End PBXSourcesBuildPhase section */

/* Begin PBXTargetDependency section */
		A484EB532EA751CF008A1BE9 /* PBXTargetDependency */ = {
			isa = PBXTargetDependency;
			target = A484EB4A2EA751CF008A1BE9 /* ContentBlocker */;
			targetProxy = A484EB522EA751CF008A1BE9 /* PBXContainerItemProxy */;
		};
		A484EB612EA7535F008A1BE9 /* PBXTargetDependency */ = {
			isa = PBXTargetDependency;
			target = A484EB4A2EA751CF008A1BE9 /* ContentBlocker */;
			targetProxy = A484EB602EA7535F008A1BE9 /* PBXContainerItemProxy */;
		};
		B201AF602E95C4E4008A3464 /* PBXTargetDependency */ = {
			isa = PBXTargetDependency;
			target = B201AF5C2E95C4E4008A3464 /* Skip AI Extension (iOS) */;
			targetProxy = B201AF5F2E95C4E4008A3464 /* PBXContainerItemProxy */;
		};
		B201AF6A2E95C4E4008A3464 /* PBXTargetDependency */ = {
			isa = PBXTargetDependency;
			target = B201AF662E95C4E4008A3464 /* Skip AI Extension (macOS) */;
			targetProxy = B201AF692E95C4E4008A3464 /* PBXContainerItemProxy */;
		};
/* End PBXTargetDependency section */

/* Begin XCBuildConfiguration section */
		A484EB562EA751CF008A1BE9 /* Debug */ = {
			isa = XCBuildConfiguration;
			buildSettings = {
				ARCHS = "$(ARCHS_STANDARD_64_BIT)";
				CODE_SIGN_STYLE = Automatic;
				CURRENT_PROJECT_VERSION = 19;
				DEVELOPMENT_TEAM = H3BMXM4W7H;
				GENERATE_INFOPLIST_FILE = NO;
				INFOPLIST_FILE = Sources/iOS/ContentBlocker/Info.plist;
				INFOPLIST_KEY_CFBundleDisplayName = ContentBlocker;
				INFOPLIST_KEY_NSHumanReadableCopyright = "";
				IPHONEOS_DEPLOYMENT_TARGET = 26.0;
				LD_RUNPATH_SEARCH_PATHS = (
					"$(inherited)",
					"@executable_path/Frameworks",
					"@executable_path/../../Frameworks",
				);
				MARKETING_VERSION = 1.0;
				PRODUCT_BUNDLE_IDENTIFIER = io.goodkind.SkipAI.ContentBlocker;
				PRODUCT_NAME = "$(TARGET_NAME)";
				SDKROOT = iphoneos;
				SKIP_INSTALL = YES;
				STRING_CATALOG_GENERATE_SYMBOLS = YES;
				SWIFT_APPROACHABLE_CONCURRENCY = YES;
				SWIFT_EMIT_LOC_STRINGS = YES;
				SWIFT_UPCOMING_FEATURE_MEMBER_IMPORT_VISIBILITY = YES;
				SWIFT_VERSION = 5.0;
				TARGETED_DEVICE_FAMILY = "1,2";
			};
			name = Debug;
		};
		A484EB572EA751CF008A1BE9 /* Preview */ = {
			isa = XCBuildConfiguration;
			buildSettings = {
				ARCHS = "$(ARCHS_STANDARD_64_BIT)";
				CODE_SIGN_STYLE = Automatic;
				CURRENT_PROJECT_VERSION = 19;
				DEVELOPMENT_TEAM = H3BMXM4W7H;
				GENERATE_INFOPLIST_FILE = NO;
				INFOPLIST_FILE = Sources/iOS/ContentBlocker/Info.plist;
				INFOPLIST_KEY_CFBundleDisplayName = ContentBlocker;
				INFOPLIST_KEY_NSHumanReadableCopyright = "";
				IPHONEOS_DEPLOYMENT_TARGET = 26.0;
				LD_RUNPATH_SEARCH_PATHS = (
					"$(inherited)",
					"@executable_path/Frameworks",
					"@executable_path/../../Frameworks",
				);
				MARKETING_VERSION = 1.0;
				PRODUCT_BUNDLE_IDENTIFIER = io.goodkind.SkipAI.ContentBlocker;
				PRODUCT_NAME = "$(TARGET_NAME)";
				SDKROOT = iphoneos;
				SKIP_INSTALL = YES;
				STRING_CATALOG_GENERATE_SYMBOLS = YES;
				SWIFT_APPROACHABLE_CONCURRENCY = YES;
				SWIFT_EMIT_LOC_STRINGS = YES;
				SWIFT_UPCOMING_FEATURE_MEMBER_IMPORT_VISIBILITY = YES;
				SWIFT_VERSION = 5.0;
				TARGETED_DEVICE_FAMILY = "1,2";
				VALIDATE_PRODUCT = YES;
			};
			name = Preview;
		};
		A484EB582EA751CF008A1BE9 /* Release */ = {
			isa = XCBuildConfiguration;
			buildSettings = {
				ARCHS = "$(ARCHS_STANDARD_64_BIT)";
				CODE_SIGN_IDENTITY = "Apple Development";
				CODE_SIGN_STYLE = Automatic;
				CURRENT_PROJECT_VERSION = 19;
				DEVELOPMENT_TEAM = H3BMXM4W7H;
				GENERATE_INFOPLIST_FILE = NO;
				INFOPLIST_FILE = Sources/iOS/ContentBlocker/Info.plist;
				INFOPLIST_KEY_CFBundleDisplayName = ContentBlocker;
				INFOPLIST_KEY_NSHumanReadableCopyright = "";
				IPHONEOS_DEPLOYMENT_TARGET = 26.0;
				LD_RUNPATH_SEARCH_PATHS = (
					"$(inherited)",
					"@executable_path/Frameworks",
					"@executable_path/../../Frameworks",
				);
				MARKETING_VERSION = 1.0;
				PRODUCT_BUNDLE_IDENTIFIER = io.goodkind.SkipAI.ContentBlocker;
				PRODUCT_NAME = "$(TARGET_NAME)";
				PROVISIONING_PROFILE_SPECIFIER = "";
				SDKROOT = iphoneos;
				SKIP_INSTALL = YES;
				STRING_CATALOG_GENERATE_SYMBOLS = YES;
				SWIFT_APPROACHABLE_CONCURRENCY = YES;
				SWIFT_EMIT_LOC_STRINGS = YES;
				SWIFT_UPCOMING_FEATURE_MEMBER_IMPORT_VISIBILITY = YES;
				SWIFT_VERSION = 5.0;
				TARGETED_DEVICE_FAMILY = "1,2";
				VALIDATE_PRODUCT = YES;
			};
			name = Release;
		};
		B201AF8D2E95C4E4008A3464 /* Debug */ = {
			isa = XCBuildConfiguration;
			buildSettings = {
				CODE_SIGN_ENTITLEMENTS = "Entitlements/Skip AI Extension (iOS).entitlements";
				CODE_SIGN_STYLE = Automatic;
				CURRENT_PROJECT_VERSION = 19;
				DEVELOPMENT_TEAM = H3BMXM4W7H;
				GENERATE_INFOPLIST_FILE = NO;
				INFOPLIST_FILE = Sources/iOS/Extension/Info.plist;
				INFOPLIST_KEY_CFBundleDisplayName = "Skip AI";
				INFOPLIST_KEY_NSHumanReadableCopyright = "";
				IPHONEOS_DEPLOYMENT_TARGET = 17.6;
				LD_RUNPATH_SEARCH_PATHS = (
					"$(inherited)",
					"@executable_path/Frameworks",
					"@executable_path/../../Frameworks",
				);
				MARKETING_VERSION = 1.0;
				OTHER_LDFLAGS = (
					"-framework",
					SafariServices,
				);
				PRODUCT_BUNDLE_IDENTIFIER = io.goodkind.SkipAI.Extension;
				PRODUCT_NAME = "Skip AI Extension";
				SDKROOT = iphoneos;
				SKIP_INSTALL = YES;
				STRING_CATALOG_GENERATE_SYMBOLS = YES;
				SWIFT_APPROACHABLE_CONCURRENCY = YES;
				SWIFT_EMIT_LOC_STRINGS = YES;
				SWIFT_UPCOMING_FEATURE_MEMBER_IMPORT_VISIBILITY = YES;
				SWIFT_VERSION = 5.0;
				TARGETED_DEVICE_FAMILY = "1,2";
			};
			name = Debug;
		};
		B201AF8E2E95C4E4008A3464 /* Release */ = {
			isa = XCBuildConfiguration;
			buildSettings = {
				CODE_SIGN_ENTITLEMENTS = "Entitlements/Skip AI Extension (iOS).entitlements";
				CODE_SIGN_STYLE = Automatic;
				CURRENT_PROJECT_VERSION = 19;
				DEVELOPMENT_TEAM = H3BMXM4W7H;
				GENERATE_INFOPLIST_FILE = NO;
				INFOPLIST_FILE = Sources/iOS/Extension/Info.plist;
				INFOPLIST_KEY_CFBundleDisplayName = "Skip AI";
				INFOPLIST_KEY_NSHumanReadableCopyright = "";
				IPHONEOS_DEPLOYMENT_TARGET = 17.6;
				LD_RUNPATH_SEARCH_PATHS = (
					"$(inherited)",
					"@executable_path/Frameworks",
					"@executable_path/../../Frameworks",
				);
				MARKETING_VERSION = 1.0;
				OTHER_LDFLAGS = (
					"-framework",
					SafariServices,
				);
				PRODUCT_BUNDLE_IDENTIFIER = io.goodkind.SkipAI.Extension;
				PRODUCT_NAME = "Skip AI Extension";
				SDKROOT = iphoneos;
				SKIP_INSTALL = YES;
				STRING_CATALOG_GENERATE_SYMBOLS = YES;
				SWIFT_APPROACHABLE_CONCURRENCY = YES;
				SWIFT_EMIT_LOC_STRINGS = YES;
				SWIFT_UPCOMING_FEATURE_MEMBER_IMPORT_VISIBILITY = YES;
				SWIFT_VERSION = 5.0;
				TARGETED_DEVICE_FAMILY = "1,2";
				VALIDATE_PRODUCT = YES;
			};
			name = Release;
		};
		B201AF922E95C4E4008A3464 /* Debug */ = {
			isa = XCBuildConfiguration;
			buildSettings = {
				ASSETCATALOG_COMPILER_APPICON_NAME = AppIcon;
				ASSETCATALOG_COMPILER_GLOBAL_ACCENT_COLOR_NAME = AccentColor;
				ASSETCATALOG_COMPILER_INCLUDE_ALL_APPICON_ASSETS = YES;
				CODE_SIGN_ENTITLEMENTS = "Entitlements/Skip AI (iOS).entitlements";
				CODE_SIGN_STYLE = Automatic;
				CURRENT_PROJECT_VERSION = 19;
				DEVELOPMENT_TEAM = H3BMXM4W7H;
				GENERATE_INFOPLIST_FILE = NO;
				INFOPLIST_FILE = Sources/iOS/App/Info.plist;
				INFOPLIST_KEY_CFBundleDisplayName = "Skip AI";
				INFOPLIST_KEY_LSApplicationCategoryType = "public.app-category.utilities";
				INFOPLIST_KEY_UIApplicationSupportsIndirectInputEvents = YES;
				INFOPLIST_KEY_UILaunchStoryboardName = Main.storyboard;
				INFOPLIST_KEY_UIMainStoryboardFile = Main;
				INFOPLIST_KEY_UISupportedInterfaceOrientations = "UIInterfaceOrientationPortrait UIInterfaceOrientationLandscapeLeft UIInterfaceOrientationLandscapeRight";
				INFOPLIST_KEY_UISupportedInterfaceOrientations_iPad = "UIInterfaceOrientationPortrait UIInterfaceOrientationPortraitUpsideDown UIInterfaceOrientationLandscapeLeft UIInterfaceOrientationLandscapeRight";
				IPHONEOS_DEPLOYMENT_TARGET = 17.6;
				LD_RUNPATH_SEARCH_PATHS = (
					"$(inherited)",
					"@executable_path/Frameworks",
				);
				MARKETING_VERSION = 1.0;
				OTHER_LDFLAGS = (
					"-framework",
					SafariServices,
					"-framework",
					WebKit,
				);
				PRODUCT_BUNDLE_IDENTIFIER = io.goodkind.SkipAI;
				PRODUCT_NAME = "Skip AI";
				SDKROOT = iphoneos;
				STRING_CATALOG_GENERATE_SYMBOLS = YES;
				SWIFT_APPROACHABLE_CONCURRENCY = YES;
				SWIFT_DEFAULT_ACTOR_ISOLATION = MainActor;
				SWIFT_EMIT_LOC_STRINGS = YES;
				SWIFT_UPCOMING_FEATURE_MEMBER_IMPORT_VISIBILITY = YES;
				SWIFT_VERSION = 5.0;
				TARGETED_DEVICE_FAMILY = "1,2";
			};
			name = Debug;
		};
		B201AF932E95C4E4008A3464 /* Release */ = {
			isa = XCBuildConfiguration;
			buildSettings = {
				ASSETCATALOG_COMPILER_APPICON_NAME = AppIcon;
				ASSETCATALOG_COMPILER_GLOBAL_ACCENT_COLOR_NAME = AccentColor;
				ASSETCATALOG_COMPILER_INCLUDE_ALL_APPICON_ASSETS = YES;
				CODE_SIGN_ENTITLEMENTS = "Entitlements/Skip AI (iOS).entitlements";
				CODE_SIGN_IDENTITY = "Apple Development";
				CODE_SIGN_STYLE = Automatic;
				CURRENT_PROJECT_VERSION = 19;
				DEVELOPMENT_TEAM = H3BMXM4W7H;
				GENERATE_INFOPLIST_FILE = NO;
				INFOPLIST_FILE = Sources/iOS/App/Info.plist;
				INFOPLIST_KEY_CFBundleDisplayName = "Skip AI";
				INFOPLIST_KEY_LSApplicationCategoryType = "public.app-category.utilities";
				INFOPLIST_KEY_UIApplicationSupportsIndirectInputEvents = YES;
				INFOPLIST_KEY_UILaunchStoryboardName = Main.storyboard;
				INFOPLIST_KEY_UIMainStoryboardFile = Main;
				INFOPLIST_KEY_UISupportedInterfaceOrientations = "UIInterfaceOrientationPortrait UIInterfaceOrientationLandscapeLeft UIInterfaceOrientationLandscapeRight";
				INFOPLIST_KEY_UISupportedInterfaceOrientations_iPad = "UIInterfaceOrientationPortrait UIInterfaceOrientationPortraitUpsideDown UIInterfaceOrientationLandscapeLeft UIInterfaceOrientationLandscapeRight";
				IPHONEOS_DEPLOYMENT_TARGET = 17.6;
				LD_RUNPATH_SEARCH_PATHS = (
					"$(inherited)",
					"@executable_path/Frameworks",
				);
				MARKETING_VERSION = 1.0;
				OTHER_LDFLAGS = (
					"-framework",
					SafariServices,
					"-framework",
					WebKit,
				);
				PRODUCT_BUNDLE_IDENTIFIER = io.goodkind.SkipAI;
				PRODUCT_NAME = "Skip AI";
				PROVISIONING_PROFILE_SPECIFIER = "";
				SDKROOT = iphoneos;
				STRING_CATALOG_GENERATE_SYMBOLS = YES;
				SWIFT_APPROACHABLE_CONCURRENCY = YES;
				SWIFT_DEFAULT_ACTOR_ISOLATION = MainActor;
				SWIFT_EMIT_LOC_STRINGS = YES;
				SWIFT_UPCOMING_FEATURE_MEMBER_IMPORT_VISIBILITY = YES;
				SWIFT_VERSION = 5.0;
				TARGETED_DEVICE_FAMILY = "1,2";
				VALIDATE_PRODUCT = YES;
			};
			name = Release;
		};
		B201AF972E95C4E4008A3464 /* Debug */ = {
			isa = XCBuildConfiguration;
			buildSettings = {
				CODE_SIGN_ENTITLEMENTS = "Entitlements/Skip AI Extension (macOS).entitlements";
				CODE_SIGN_STYLE = Automatic;
				CURRENT_PROJECT_VERSION = 19;
				DEVELOPMENT_TEAM = H3BMXM4W7H;
				ENABLE_APP_SANDBOX = YES;
				ENABLE_HARDENED_RUNTIME = YES;
				ENABLE_USER_SELECTED_FILES = readonly;
				GENERATE_INFOPLIST_FILE = NO;
				INFOPLIST_FILE = Sources/macOS/Extension/Info.plist;
				INFOPLIST_KEY_CFBundleDisplayName = "Skip AI";
				INFOPLIST_KEY_NSHumanReadableCopyright = "";
				LD_RUNPATH_SEARCH_PATHS = (
					"$(inherited)",
					"@executable_path/../Frameworks",
					"@executable_path/../../../../Frameworks",
				);
				MACOSX_DEPLOYMENT_TARGET = 13.5;
				MARKETING_VERSION = 1.0;
				OTHER_LDFLAGS = (
					"-framework",
					SafariServices,
				);
				PRODUCT_BUNDLE_IDENTIFIER = io.goodkind.SkipAI.Extension;
				PRODUCT_NAME = "Skip AI Extension";
				REGISTER_APP_GROUPS = YES;
				SDKROOT = macosx;
				SKIP_INSTALL = YES;
				STRING_CATALOG_GENERATE_SYMBOLS = YES;
				SWIFT_APPROACHABLE_CONCURRENCY = YES;
				SWIFT_EMIT_LOC_STRINGS = YES;
				SWIFT_UPCOMING_FEATURE_MEMBER_IMPORT_VISIBILITY = YES;
				SWIFT_VERSION = 5.0;
			};
			name = Debug;
		};
		B201AF982E95C4E4008A3464 /* Release */ = {
			isa = XCBuildConfiguration;
			buildSettings = {
				CODE_SIGN_ENTITLEMENTS = "Entitlements/Skip AI Extension (macOS).entitlements";
				CODE_SIGN_STYLE = Automatic;
				CURRENT_PROJECT_VERSION = 19;
				DEVELOPMENT_TEAM = H3BMXM4W7H;
				ENABLE_APP_SANDBOX = YES;
				ENABLE_HARDENED_RUNTIME = YES;
				ENABLE_USER_SELECTED_FILES = readonly;
				GENERATE_INFOPLIST_FILE = NO;
				INFOPLIST_FILE = Sources/macOS/Extension/Info.plist;
				INFOPLIST_KEY_CFBundleDisplayName = "Skip AI";
				INFOPLIST_KEY_NSHumanReadableCopyright = "";
				LD_RUNPATH_SEARCH_PATHS = (
					"$(inherited)",
					"@executable_path/../Frameworks",
					"@executable_path/../../../../Frameworks",
				);
				MACOSX_DEPLOYMENT_TARGET = 13.5;
				MARKETING_VERSION = 1.0;
				OTHER_LDFLAGS = (
					"-framework",
					SafariServices,
				);
				PRODUCT_BUNDLE_IDENTIFIER = io.goodkind.SkipAI.Extension;
				PRODUCT_NAME = "Skip AI Extension";
				REGISTER_APP_GROUPS = YES;
				SDKROOT = macosx;
				SKIP_INSTALL = YES;
				STRING_CATALOG_GENERATE_SYMBOLS = YES;
				SWIFT_APPROACHABLE_CONCURRENCY = YES;
				SWIFT_EMIT_LOC_STRINGS = YES;
				SWIFT_UPCOMING_FEATURE_MEMBER_IMPORT_VISIBILITY = YES;
				SWIFT_VERSION = 5.0;
			};
			name = Release;
		};
		B201AF9C2E95C4E4008A3464 /* Debug */ = {
			isa = XCBuildConfiguration;
			buildSettings = {
				ASSETCATALOG_COMPILER_APPICON_NAME = AppIcon;
				ASSETCATALOG_COMPILER_GLOBAL_ACCENT_COLOR_NAME = AccentColor;
				ASSETCATALOG_COMPILER_INCLUDE_ALL_APPICON_ASSETS = YES;
				CODE_SIGN_ENTITLEMENTS = "Entitlements/Skip AI (macOS).entitlements";
				CODE_SIGN_STYLE = Automatic;
				CURRENT_PROJECT_VERSION = 19;
				DEVELOPMENT_TEAM = H3BMXM4W7H;
				ENABLE_APP_SANDBOX = YES;
				ENABLE_HARDENED_RUNTIME = YES;
				ENABLE_OUTGOING_NETWORK_CONNECTIONS = YES;
				ENABLE_USER_SELECTED_FILES = readonly;
				GENERATE_INFOPLIST_FILE = NO;
				INFOPLIST_FILE = Sources/macOS/App/Info.plist;
				INFOPLIST_KEY_CFBundleDisplayName = "Skip AI";
				INFOPLIST_KEY_LSApplicationCategoryType = "public.app-category.utilities";
				INFOPLIST_KEY_NSMainStoryboardFile = Main;
				INFOPLIST_KEY_NSPrincipalClass = NSApplication;
				LD_RUNPATH_SEARCH_PATHS = (
					"$(inherited)",
					"@executable_path/../Frameworks",
				);
				MACOSX_DEPLOYMENT_TARGET = 13.5;
				MARKETING_VERSION = 1.0;
				OTHER_LDFLAGS = (
					"-framework",
					SafariServices,
					"-framework",
					WebKit,
				);
				PRODUCT_BUNDLE_IDENTIFIER = io.goodkind.SkipAI;
				PRODUCT_NAME = "Skip AI";
				REGISTER_APP_GROUPS = YES;
				SDKROOT = macosx;
				STRING_CATALOG_GENERATE_SYMBOLS = YES;
				SWIFT_APPROACHABLE_CONCURRENCY = YES;
				SWIFT_DEFAULT_ACTOR_ISOLATION = MainActor;
				SWIFT_EMIT_LOC_STRINGS = YES;
				SWIFT_UPCOMING_FEATURE_MEMBER_IMPORT_VISIBILITY = YES;
				SWIFT_VERSION = 5.0;
			};
			name = Debug;
		};
		B201AF9D2E95C4E4008A3464 /* Release */ = {
			isa = XCBuildConfiguration;
			buildSettings = {
				ASSETCATALOG_COMPILER_APPICON_NAME = AppIcon;
				ASSETCATALOG_COMPILER_GLOBAL_ACCENT_COLOR_NAME = AccentColor;
				ASSETCATALOG_COMPILER_INCLUDE_ALL_APPICON_ASSETS = YES;
				CODE_SIGN_ENTITLEMENTS = "Entitlements/Skip AI (macOS).entitlements";
				CODE_SIGN_STYLE = Automatic;
				CURRENT_PROJECT_VERSION = 19;
				DEVELOPMENT_TEAM = H3BMXM4W7H;
				ENABLE_APP_SANDBOX = YES;
				ENABLE_HARDENED_RUNTIME = YES;
				ENABLE_OUTGOING_NETWORK_CONNECTIONS = YES;
				ENABLE_USER_SELECTED_FILES = readonly;
				GENERATE_INFOPLIST_FILE = NO;
				INFOPLIST_FILE = Sources/macOS/App/Info.plist;
				INFOPLIST_KEY_CFBundleDisplayName = "Skip AI";
				INFOPLIST_KEY_LSApplicationCategoryType = "public.app-category.utilities";
				INFOPLIST_KEY_NSMainStoryboardFile = Main;
				INFOPLIST_KEY_NSPrincipalClass = NSApplication;
				LD_RUNPATH_SEARCH_PATHS = (
					"$(inherited)",
					"@executable_path/../Frameworks",
				);
				MACOSX_DEPLOYMENT_TARGET = 13.5;
				MARKETING_VERSION = 1.0;
				OTHER_LDFLAGS = (
					"-framework",
					SafariServices,
					"-framework",
					WebKit,
				);
				PRODUCT_BUNDLE_IDENTIFIER = io.goodkind.SkipAI;
				PRODUCT_NAME = "Skip AI";
				REGISTER_APP_GROUPS = YES;
				SDKROOT = macosx;
				STRING_CATALOG_GENERATE_SYMBOLS = YES;
				SWIFT_APPROACHABLE_CONCURRENCY = YES;
				SWIFT_DEFAULT_ACTOR_ISOLATION = MainActor;
				SWIFT_EMIT_LOC_STRINGS = YES;
				SWIFT_UPCOMING_FEATURE_MEMBER_IMPORT_VISIBILITY = YES;
				SWIFT_VERSION = 5.0;
			};
			name = Release;
		};
		B201AFA02E95C4E4008A3464 /* Debug */ = {
			isa = XCBuildConfiguration;
			baseConfigurationReference = A4E45A822EA6FA3C00305F93 /* Debug.xcconfig */;
			buildSettings = {
				ALWAYS_SEARCH_USER_PATHS = NO;
				ASSETCATALOG_COMPILER_GENERATE_SWIFT_ASSET_SYMBOL_EXTENSIONS = YES;
				CLANG_ANALYZER_NONNULL = YES;
				CLANG_ANALYZER_NUMBER_OBJECT_CONVERSION = YES_AGGRESSIVE;
				CLANG_CXX_LANGUAGE_STANDARD = "gnu++20";
				CLANG_ENABLE_MODULES = YES;
				CLANG_ENABLE_OBJC_ARC = YES;
				CLANG_ENABLE_OBJC_WEAK = YES;
				CLANG_WARN_BLOCK_CAPTURE_AUTORELEASING = YES;
				CLANG_WARN_BOOL_CONVERSION = YES;
				CLANG_WARN_COMMA = YES;
				CLANG_WARN_CONSTANT_CONVERSION = YES;
				CLANG_WARN_DEPRECATED_OBJC_IMPLEMENTATIONS = YES;
				CLANG_WARN_DIRECT_OBJC_ISA_USAGE = YES_ERROR;
				CLANG_WARN_DOCUMENTATION_COMMENTS = YES;
				CLANG_WARN_EMPTY_BODY = YES;
				CLANG_WARN_ENUM_CONVERSION = YES;
				CLANG_WARN_INFINITE_RECURSION = YES;
				CLANG_WARN_INT_CONVERSION = YES;
				CLANG_WARN_NON_LITERAL_NULL_CONVERSION = YES;
				CLANG_WARN_OBJC_IMPLICIT_RETAIN_SELF = YES;
				CLANG_WARN_OBJC_LITERAL_CONVERSION = YES;
				CLANG_WARN_OBJC_ROOT_CLASS = YES_ERROR;
				CLANG_WARN_QUOTED_INCLUDE_IN_FRAMEWORK_HEADER = YES;
				CLANG_WARN_RANGE_LOOP_ANALYSIS = YES;
				CLANG_WARN_STRICT_PROTOTYPES = YES;
				CLANG_WARN_SUSPICIOUS_MOVE = YES;
				CLANG_WARN_UNGUARDED_AVAILABILITY = YES_AGGRESSIVE;
				CLANG_WARN_UNREACHABLE_CODE = YES;
				CLANG_WARN__DUPLICATE_METHOD_MATCH = YES;
				COPY_PHASE_STRIP = NO;
				DEBUG_INFORMATION_FORMAT = dwarf;
				DEVELOPMENT_TEAM = H3BMXM4W7H;
				ENABLE_STRICT_OBJC_MSGSEND = YES;
				ENABLE_TESTABILITY = YES;
				ENABLE_USER_SCRIPT_SANDBOXING = YES;
				GCC_C_LANGUAGE_STANDARD = gnu17;
				GCC_DYNAMIC_NO_PIC = NO;
				GCC_NO_COMMON_BLOCKS = YES;
				GCC_OPTIMIZATION_LEVEL = 0;
				GCC_PREPROCESSOR_DEFINITIONS = (
					"DEBUG=1",
					"$(inherited)",
				);
				GCC_WARN_64_TO_32_BIT_CONVERSION = YES;
				GCC_WARN_ABOUT_RETURN_TYPE = YES_ERROR;
				GCC_WARN_UNDECLARED_SELECTOR = YES;
				GCC_WARN_UNINITIALIZED_AUTOS = YES_AGGRESSIVE;
				GCC_WARN_UNUSED_FUNCTION = YES;
				GCC_WARN_UNUSED_VARIABLE = YES;
				LOCALIZATION_PREFERS_STRING_CATALOGS = YES;
				MTL_ENABLE_DEBUG_INFO = INCLUDE_SOURCE;
				MTL_FAST_MATH = YES;
				ONLY_ACTIVE_ARCH = YES;
				SWIFT_ACTIVE_COMPILATION_CONDITIONS = "DEBUG $(inherited)";
				SWIFT_OPTIMIZATION_LEVEL = "-Onone";
			};
			name = Debug;
		};
		B201AFA12E95C4E4008A3464 /* Release */ = {
			isa = XCBuildConfiguration;
			baseConfigurationReference = A4E45A842EA6FA3C00305F93 /* Release.xcconfig */;
			buildSettings = {
				ALWAYS_SEARCH_USER_PATHS = NO;
				ASSETCATALOG_COMPILER_GENERATE_SWIFT_ASSET_SYMBOL_EXTENSIONS = YES;
				CLANG_ANALYZER_NONNULL = YES;
				CLANG_ANALYZER_NUMBER_OBJECT_CONVERSION = YES_AGGRESSIVE;
				CLANG_CXX_LANGUAGE_STANDARD = "gnu++20";
				CLANG_ENABLE_MODULES = YES;
				CLANG_ENABLE_OBJC_ARC = YES;
				CLANG_ENABLE_OBJC_WEAK = YES;
				CLANG_WARN_BLOCK_CAPTURE_AUTORELEASING = YES;
				CLANG_WARN_BOOL_CONVERSION = YES;
				CLANG_WARN_COMMA = YES;
				CLANG_WARN_CONSTANT_CONVERSION = YES;
				CLANG_WARN_DEPRECATED_OBJC_IMPLEMENTATIONS = YES;
				CLANG_WARN_DIRECT_OBJC_ISA_USAGE = YES_ERROR;
				CLANG_WARN_DOCUMENTATION_COMMENTS = YES;
				CLANG_WARN_EMPTY_BODY = YES;
				CLANG_WARN_ENUM_CONVERSION = YES;
				CLANG_WARN_INFINITE_RECURSION = YES;
				CLANG_WARN_INT_CONVERSION = YES;
				CLANG_WARN_NON_LITERAL_NULL_CONVERSION = YES;
				CLANG_WARN_OBJC_IMPLICIT_RETAIN_SELF = YES;
				CLANG_WARN_OBJC_LITERAL_CONVERSION = YES;
				CLANG_WARN_OBJC_ROOT_CLASS = YES_ERROR;
				CLANG_WARN_QUOTED_INCLUDE_IN_FRAMEWORK_HEADER = YES;
				CLANG_WARN_RANGE_LOOP_ANALYSIS = YES;
				CLANG_WARN_STRICT_PROTOTYPES = YES;
				CLANG_WARN_SUSPICIOUS_MOVE = YES;
				CLANG_WARN_UNGUARDED_AVAILABILITY = YES_AGGRESSIVE;
				CLANG_WARN_UNREACHABLE_CODE = YES;
				CLANG_WARN__DUPLICATE_METHOD_MATCH = YES;
				COPY_PHASE_STRIP = NO;
				DEBUG_INFORMATION_FORMAT = "dwarf-with-dsym";
				DEVELOPMENT_TEAM = H3BMXM4W7H;
				ENABLE_NS_ASSERTIONS = NO;
				ENABLE_STRICT_OBJC_MSGSEND = YES;
				ENABLE_USER_SCRIPT_SANDBOXING = YES;
				GCC_C_LANGUAGE_STANDARD = gnu17;
				GCC_NO_COMMON_BLOCKS = YES;
				GCC_PREPROCESSOR_DEFINITIONS = "RELEASE=1";
				GCC_WARN_64_TO_32_BIT_CONVERSION = YES;
				GCC_WARN_ABOUT_RETURN_TYPE = YES_ERROR;
				GCC_WARN_UNDECLARED_SELECTOR = YES;
				GCC_WARN_UNINITIALIZED_AUTOS = YES_AGGRESSIVE;
				GCC_WARN_UNUSED_FUNCTION = YES;
				GCC_WARN_UNUSED_VARIABLE = YES;
				LOCALIZATION_PREFERS_STRING_CATALOGS = YES;
				MTL_ENABLE_DEBUG_INFO = NO;
				MTL_FAST_MATH = YES;
				SWIFT_COMPILATION_MODE = wholemodule;
			};
			name = Release;
		};
		B222726C2EA0C2A40074DA03 /* Preview */ = {
			isa = XCBuildConfiguration;
			baseConfigurationReference = A4E45A832EA6FA3C00305F93 /* Preview.xcconfig */;
			buildSettings = {
				ALWAYS_SEARCH_USER_PATHS = NO;
				ASSETCATALOG_COMPILER_GENERATE_SWIFT_ASSET_SYMBOL_EXTENSIONS = YES;
				CLANG_ANALYZER_NONNULL = YES;
				CLANG_ANALYZER_NUMBER_OBJECT_CONVERSION = YES_AGGRESSIVE;
				CLANG_CXX_LANGUAGE_STANDARD = "gnu++20";
				CLANG_ENABLE_MODULES = YES;
				CLANG_ENABLE_OBJC_ARC = YES;
				CLANG_ENABLE_OBJC_WEAK = YES;
				CLANG_WARN_BLOCK_CAPTURE_AUTORELEASING = YES;
				CLANG_WARN_BOOL_CONVERSION = YES;
				CLANG_WARN_COMMA = YES;
				CLANG_WARN_CONSTANT_CONVERSION = YES;
				CLANG_WARN_DEPRECATED_OBJC_IMPLEMENTATIONS = YES;
				CLANG_WARN_DIRECT_OBJC_ISA_USAGE = YES_ERROR;
				CLANG_WARN_DOCUMENTATION_COMMENTS = YES;
				CLANG_WARN_EMPTY_BODY = YES;
				CLANG_WARN_ENUM_CONVERSION = YES;
				CLANG_WARN_INFINITE_RECURSION = YES;
				CLANG_WARN_INT_CONVERSION = YES;
				CLANG_WARN_NON_LITERAL_NULL_CONVERSION = YES;
				CLANG_WARN_OBJC_IMPLICIT_RETAIN_SELF = YES;
				CLANG_WARN_OBJC_LITERAL_CONVERSION = YES;
				CLANG_WARN_OBJC_ROOT_CLASS = YES_ERROR;
				CLANG_WARN_QUOTED_INCLUDE_IN_FRAMEWORK_HEADER = YES;
				CLANG_WARN_RANGE_LOOP_ANALYSIS = YES;
				CLANG_WARN_STRICT_PROTOTYPES = YES;
				CLANG_WARN_SUSPICIOUS_MOVE = YES;
				CLANG_WARN_UNGUARDED_AVAILABILITY = YES_AGGRESSIVE;
				CLANG_WARN_UNREACHABLE_CODE = YES;
				CLANG_WARN__DUPLICATE_METHOD_MATCH = YES;
				COPY_PHASE_STRIP = NO;
				DEBUG_INFORMATION_FORMAT = dwarf;
				DEVELOPMENT_TEAM = H3BMXM4W7H;
				ENABLE_STRICT_OBJC_MSGSEND = YES;
				ENABLE_TESTABILITY = YES;
				ENABLE_USER_SCRIPT_SANDBOXING = YES;
				GCC_C_LANGUAGE_STANDARD = gnu17;
				GCC_DYNAMIC_NO_PIC = NO;
				GCC_NO_COMMON_BLOCKS = YES;
				GCC_OPTIMIZATION_LEVEL = 0;
				GCC_PREPROCESSOR_DEFINITIONS = "$(inherited)";
				GCC_WARN_64_TO_32_BIT_CONVERSION = YES;
				GCC_WARN_ABOUT_RETURN_TYPE = YES_ERROR;
				GCC_WARN_UNDECLARED_SELECTOR = YES;
				GCC_WARN_UNINITIALIZED_AUTOS = YES_AGGRESSIVE;
				GCC_WARN_UNUSED_FUNCTION = YES;
				GCC_WARN_UNUSED_VARIABLE = YES;
				LOCALIZATION_PREFERS_STRING_CATALOGS = YES;
				MTL_ENABLE_DEBUG_INFO = INCLUDE_SOURCE;
				MTL_FAST_MATH = YES;
				ONLY_ACTIVE_ARCH = YES;
				SWIFT_ACTIVE_COMPILATION_CONDITIONS = "DEBUG $(inherited)";
				SWIFT_OPTIMIZATION_LEVEL = "-Onone";
			};
			name = Preview;
		};
		B222726D2EA0C2A40074DA03 /* Preview */ = {
			isa = XCBuildConfiguration;
			buildSettings = {
				ASSETCATALOG_COMPILER_APPICON_NAME = AppIcon;
				ASSETCATALOG_COMPILER_GLOBAL_ACCENT_COLOR_NAME = AccentColor;
				ASSETCATALOG_COMPILER_INCLUDE_ALL_APPICON_ASSETS = YES;
				CODE_SIGN_ENTITLEMENTS = "Entitlements/Skip AI (iOS).entitlements";
				CODE_SIGN_STYLE = Automatic;
				CURRENT_PROJECT_VERSION = 19;
				DEVELOPMENT_TEAM = H3BMXM4W7H;
				GENERATE_INFOPLIST_FILE = NO;
				INFOPLIST_FILE = Sources/iOS/App/Info.plist;
				INFOPLIST_KEY_CFBundleDisplayName = "Skip AI";
				INFOPLIST_KEY_LSApplicationCategoryType = "public.app-category.utilities";
				INFOPLIST_KEY_UIApplicationSupportsIndirectInputEvents = YES;
				INFOPLIST_KEY_UILaunchStoryboardName = Main.storyboard;
				INFOPLIST_KEY_UIMainStoryboardFile = Main;
				INFOPLIST_KEY_UISupportedInterfaceOrientations = "UIInterfaceOrientationPortrait UIInterfaceOrientationLandscapeLeft UIInterfaceOrientationLandscapeRight";
				INFOPLIST_KEY_UISupportedInterfaceOrientations_iPad = "UIInterfaceOrientationPortrait UIInterfaceOrientationPortraitUpsideDown UIInterfaceOrientationLandscapeLeft UIInterfaceOrientationLandscapeRight";
				IPHONEOS_DEPLOYMENT_TARGET = 17.6;
				LD_RUNPATH_SEARCH_PATHS = (
					"$(inherited)",
					"@executable_path/Frameworks",
				);
				MARKETING_VERSION = 1.0;
				MTL_ENABLE_DEBUG_INFO = NO;
				OTHER_LDFLAGS = (
					"-framework",
					SafariServices,
					"-framework",
					WebKit,
				);
				PRODUCT_BUNDLE_IDENTIFIER = io.goodkind.SkipAI;
				PRODUCT_NAME = "Skip AI";
				SDKROOT = iphoneos;
				STRING_CATALOG_GENERATE_SYMBOLS = YES;
				SWIFT_APPROACHABLE_CONCURRENCY = YES;
				SWIFT_DEFAULT_ACTOR_ISOLATION = MainActor;
				SWIFT_EMIT_LOC_STRINGS = YES;
				SWIFT_UPCOMING_FEATURE_MEMBER_IMPORT_VISIBILITY = YES;
				SWIFT_VERSION = 5.0;
				TARGETED_DEVICE_FAMILY = "1,2";
				VALIDATE_PRODUCT = YES;
			};
			name = Preview;
		};
		B222726E2EA0C2A40074DA03 /* Preview */ = {
			isa = XCBuildConfiguration;
			buildSettings = {
				ASSETCATALOG_COMPILER_APPICON_NAME = AppIcon;
				ASSETCATALOG_COMPILER_GLOBAL_ACCENT_COLOR_NAME = AccentColor;
				ASSETCATALOG_COMPILER_INCLUDE_ALL_APPICON_ASSETS = YES;
				CODE_SIGN_ENTITLEMENTS = "Entitlements/Skip AI (macOS).entitlements";
				CODE_SIGN_STYLE = Automatic;
				CURRENT_PROJECT_VERSION = 19;
				DEVELOPMENT_TEAM = H3BMXM4W7H;
				ENABLE_APP_SANDBOX = YES;
				ENABLE_HARDENED_RUNTIME = YES;
				ENABLE_OUTGOING_NETWORK_CONNECTIONS = YES;
				ENABLE_USER_SELECTED_FILES = readonly;
				GENERATE_INFOPLIST_FILE = NO;
				INFOPLIST_FILE = Sources/macOS/App/Info.plist;
				INFOPLIST_KEY_CFBundleDisplayName = "Skip AI";
				INFOPLIST_KEY_LSApplicationCategoryType = "public.app-category.utilities";
				INFOPLIST_KEY_NSMainStoryboardFile = Main;
				INFOPLIST_KEY_NSPrincipalClass = NSApplication;
				LD_RUNPATH_SEARCH_PATHS = (
					"$(inherited)",
					"@executable_path/../Frameworks",
				);
				MACOSX_DEPLOYMENT_TARGET = 13.5;
				MARKETING_VERSION = 1.0;
				MTL_ENABLE_DEBUG_INFO = NO;
				OTHER_LDFLAGS = (
					"-framework",
					SafariServices,
					"-framework",
					WebKit,
				);
				PRODUCT_BUNDLE_IDENTIFIER = io.goodkind.SkipAI;
				PRODUCT_NAME = "Skip AI";
				REGISTER_APP_GROUPS = YES;
				SDKROOT = macosx;
				STRING_CATALOG_GENERATE_SYMBOLS = YES;
				SWIFT_APPROACHABLE_CONCURRENCY = YES;
				SWIFT_DEFAULT_ACTOR_ISOLATION = MainActor;
				SWIFT_EMIT_LOC_STRINGS = YES;
				SWIFT_UPCOMING_FEATURE_MEMBER_IMPORT_VISIBILITY = YES;
				SWIFT_VERSION = 5.0;
			};
			name = Preview;
		};
		B222726F2EA0C2A40074DA03 /* Preview */ = {
			isa = XCBuildConfiguration;
			buildSettings = {
				CODE_SIGN_ENTITLEMENTS = "Entitlements/Skip AI Extension (iOS).entitlements";
				CODE_SIGN_STYLE = Automatic;
				CURRENT_PROJECT_VERSION = 19;
				DEVELOPMENT_TEAM = H3BMXM4W7H;
				GENERATE_INFOPLIST_FILE = NO;
				INFOPLIST_FILE = Sources/iOS/Extension/Info.plist;
				INFOPLIST_KEY_CFBundleDisplayName = "Skip AI";
				INFOPLIST_KEY_NSHumanReadableCopyright = "";
				IPHONEOS_DEPLOYMENT_TARGET = 17.6;
				LD_RUNPATH_SEARCH_PATHS = (
					"$(inherited)",
					"@executable_path/Frameworks",
					"@executable_path/../../Frameworks",
				);
				MARKETING_VERSION = 1.0;
				MTL_ENABLE_DEBUG_INFO = NO;
				OTHER_LDFLAGS = (
					"-framework",
					SafariServices,
				);
				PRODUCT_BUNDLE_IDENTIFIER = io.goodkind.SkipAI.Extension;
				PRODUCT_NAME = "Skip AI Extension";
				SDKROOT = iphoneos;
				SKIP_INSTALL = YES;
				STRING_CATALOG_GENERATE_SYMBOLS = YES;
				SWIFT_APPROACHABLE_CONCURRENCY = YES;
				SWIFT_EMIT_LOC_STRINGS = YES;
				SWIFT_UPCOMING_FEATURE_MEMBER_IMPORT_VISIBILITY = YES;
				SWIFT_VERSION = 5.0;
				TARGETED_DEVICE_FAMILY = "1,2";
			};
			name = Preview;
		};
		B22272702EA0C2A40074DA03 /* Preview */ = {
			isa = XCBuildConfiguration;
			buildSettings = {
				CODE_SIGN_ENTITLEMENTS = "Entitlements/Skip AI Extension (macOS).entitlements";
				CODE_SIGN_STYLE = Automatic;
				CURRENT_PROJECT_VERSION = 19;
				DEVELOPMENT_TEAM = H3BMXM4W7H;
				ENABLE_APP_SANDBOX = YES;
				ENABLE_HARDENED_RUNTIME = YES;
				ENABLE_USER_SELECTED_FILES = readonly;
				GENERATE_INFOPLIST_FILE = NO;
				INFOPLIST_FILE = Sources/macOS/Extension/Info.plist;
				INFOPLIST_KEY_CFBundleDisplayName = "Skip AI";
				INFOPLIST_KEY_NSHumanReadableCopyright = "";
				LD_RUNPATH_SEARCH_PATHS = (
					"$(inherited)",
					"@executable_path/../Frameworks",
					"@executable_path/../../../../Frameworks",
				);
				MACOSX_DEPLOYMENT_TARGET = 13.5;
				MARKETING_VERSION = 1.0;
				MTL_ENABLE_DEBUG_INFO = NO;
				OTHER_LDFLAGS = (
					"-framework",
					SafariServices,
				);
				PRODUCT_BUNDLE_IDENTIFIER = io.goodkind.SkipAI.Extension;
				PRODUCT_NAME = "Skip AI Extension";
				REGISTER_APP_GROUPS = YES;
				SDKROOT = macosx;
				SKIP_INSTALL = YES;
				STRING_CATALOG_GENERATE_SYMBOLS = YES;
				SWIFT_APPROACHABLE_CONCURRENCY = YES;
				SWIFT_EMIT_LOC_STRINGS = YES;
				SWIFT_UPCOMING_FEATURE_MEMBER_IMPORT_VISIBILITY = YES;
				SWIFT_VERSION = 5.0;
			};
			name = Preview;
		};
/* End XCBuildConfiguration section */

/* Begin XCConfigurationList section */
		A484EB552EA751CF008A1BE9 /* Build configuration list for PBXNativeTarget "ContentBlocker" */ = {
			isa = XCConfigurationList;
			buildConfigurations = (
				A484EB562EA751CF008A1BE9 /* Debug */,
				A484EB572EA751CF008A1BE9 /* Preview */,
				A484EB582EA751CF008A1BE9 /* Release */,
			);
			defaultConfigurationIsVisible = 0;
			defaultConfigurationName = Debug;
		};
		B201AF272E95C4E2008A3464 /* Build configuration list for PBXProject "Skip AI" */ = {
			isa = XCConfigurationList;
			buildConfigurations = (
				B201AFA02E95C4E4008A3464 /* Debug */,
				B222726C2EA0C2A40074DA03 /* Preview */,
				B201AFA12E95C4E4008A3464 /* Release */,
			);
			defaultConfigurationIsVisible = 0;
			defaultConfigurationName = Debug;
		};
		B201AF8C2E95C4E4008A3464 /* Build configuration list for PBXNativeTarget "Skip AI Extension (iOS)" */ = {
			isa = XCConfigurationList;
			buildConfigurations = (
				B201AF8D2E95C4E4008A3464 /* Debug */,
				B222726F2EA0C2A40074DA03 /* Preview */,
				B201AF8E2E95C4E4008A3464 /* Release */,
			);
			defaultConfigurationIsVisible = 0;
			defaultConfigurationName = Debug;
		};
		B201AF912E95C4E4008A3464 /* Build configuration list for PBXNativeTarget "Skip AI (iOS)" */ = {
			isa = XCConfigurationList;
			buildConfigurations = (
				B201AF922E95C4E4008A3464 /* Debug */,
				B222726D2EA0C2A40074DA03 /* Preview */,
				B201AF932E95C4E4008A3464 /* Release */,
			);
			defaultConfigurationIsVisible = 0;
			defaultConfigurationName = Debug;
		};
		B201AF962E95C4E4008A3464 /* Build configuration list for PBXNativeTarget "Skip AI Extension (macOS)" */ = {
			isa = XCConfigurationList;
			buildConfigurations = (
				B201AF972E95C4E4008A3464 /* Debug */,
				B22272702EA0C2A40074DA03 /* Preview */,
				B201AF982E95C4E4008A3464 /* Release */,
			);
			defaultConfigurationIsVisible = 0;
			defaultConfigurationName = Debug;
		};
		B201AF9B2E95C4E4008A3464 /* Build configuration list for PBXNativeTarget "Skip AI (macOS)" */ = {
			isa = XCConfigurationList;
			buildConfigurations = (
				B201AF9C2E95C4E4008A3464 /* Debug */,
				B222726E2EA0C2A40074DA03 /* Preview */,
				B201AF9D2E95C4E4008A3464 /* Release */,
			);
			defaultConfigurationIsVisible = 0;
			defaultConfigurationName = Debug;
		};
/* End XCConfigurationList section */
	};
	rootObject = B201AF242E95C4E2008A3464 /* Project object */;
}
