{
  "originHash" : "6aa4f8b3ced81667b619d4637f0b144e85ac78e60759221a9ff7edbca6652c40",
  "pins" : [
    {
      "identity" : "ios-backports",
      "kind" : "remoteSourceControl",
      "location" : "https://github.com/superwall/iOS-Backports",
      "state" : {
        "revision" : "005841b3257787d8f3ed0feb9596b13e72304851",
        "version" : "1.0.3"
      }
    }
  ],
  "version" : 3
}
