// !$*UTF8*$!
{
	archiveVersion = 1;
	classes = {
	};
	objectVersion = 77;
	objects = {

/* Begin PBXBuildFile section */
		B201AF5E2E95C4E4008A3464 /* Remove Google AI Overview Extension.appex in Embed Foundation Extensions */ = {isa = PBXBuildFile; fileRef = B201AF5D2E95C4E4008A3464 /* Remove Google AI Overview Extension.appex */; settings = {ATTRIBUTES = (RemoveHeadersOnCopy, ); }; };
		B201AF682E95C4E4008A3464 /* Remove Google AI Overview Extension.appex in Embed Foundation Extensions */ = {isa = PBXBuildFile; fileRef = B201AF672E95C4E4008A3464 /* Remove Google AI Overview Extension.appex */; settings = {ATTRIBUTES = (RemoveHeadersOnCopy, ); }; };
		B248D6092E98ABB20055FF1F /* build_js.sh in Resources */ = {isa = PBXBuildFile; fileRef = B248D6082E98ABB20055FF1F /* build_js.sh */; };
		B248D60A2E98ABB20055FF1F /* build_js.sh in Resources */ = {isa = PBXBuildFile; fileRef = B248D6082E98ABB20055FF1F /* build_js.sh */; };
		B2D49E8A2E95FEBF00F36696 /* AppIcon.icon in Resources */ = {isa = PBXBuildFile; fileRef = B2D49E892E95FEBF00F36696 /* AppIcon.icon */; };
		B2D49E8B2E95FEBF00F36696 /* AppIcon.icon in Resources */ = {isa = PBXBuildFile; fileRef = B2D49E892E95FEBF00F36696 /* AppIcon.icon */; };
		B2D49E8C2E95FEBF00F36696 /* AppIcon.icon in Resources */ = {isa = PBXBuildFile; fileRef = B2D49E892E95FEBF00F36696 /* AppIcon.icon */; };
		B2D49E8D2E95FEBF00F36696 /* AppIcon.icon in Resources */ = {isa = PBXBuildFile; fileRef = B2D49E892E95FEBF00F36696 /* AppIcon.icon */; };
/* End PBXBuildFile section */

/* Begin PBXContainerItemProxy section */
		B201AF5F2E95C4E4008A3464 /* PBXContainerItemProxy */ = {
			isa = PBXContainerItemProxy;
			containerPortal = B201AF242E95C4E2008A3464 /* Project object */;
			proxyType = 1;
			remoteGlobalIDString = B201AF5C2E95C4E4008A3464;
			remoteInfo = "Remove Google AI Overview Extension (iOS)";
		};
		B201AF692E95C4E4008A3464 /* PBXContainerItemProxy */ = {
			isa = PBXContainerItemProxy;
			containerPortal = B201AF242E95C4E2008A3464 /* Project object */;
			proxyType = 1;
			remoteGlobalIDString = B201AF662E95C4E4008A3464;
			remoteInfo = "Remove Google AI Overview Extension (macOS)";
		};
/* End PBXContainerItemProxy section */

/* Begin PBXCopyFilesBuildPhase section */
		B201AF902E95C4E4008A3464 /* Embed Foundation Extensions */ = {
			isa = PBXCopyFilesBuildPhase;
			buildActionMask = 2147483647;
			dstPath = "";
			dstSubfolderSpec = 13;
			files = (
				B201AF5E2E95C4E4008A3464 /* Remove Google AI Overview Extension.appex in Embed Foundation Extensions */,
			);
			name = "Embed Foundation Extensions";
			runOnlyForDeploymentPostprocessing = 0;
		};
		B201AF9A2E95C4E4008A3464 /* Embed Foundation Extensions */ = {
			isa = PBXCopyFilesBuildPhase;
			buildActionMask = 2147483647;
			dstPath = "";
			dstSubfolderSpec = 13;
			files = (
				B201AF682E95C4E4008A3464 /* Remove Google AI Overview Extension.appex in Embed Foundation Extensions */,
			);
			name = "Embed Foundation Extensions";
			runOnlyForDeploymentPostprocessing = 0;
		};
/* End PBXCopyFilesBuildPhase section */

/* Begin PBXFileReference section */
		B201AF402E95C4E4008A3464 /* Remove Google AI Overview.app */ = {isa = PBXFileReference; explicitFileType = wrapper.application; includeInIndex = 0; path = "Remove Google AI Overview.app"; sourceTree = BUILT_PRODUCTS_DIR; };
		B201AF522E95C4E4008A3464 /* Remove Google AI Overview.app */ = {isa = PBXFileReference; explicitFileType = wrapper.application; includeInIndex = 0; path = "Remove Google AI Overview.app"; sourceTree = BUILT_PRODUCTS_DIR; };
		B201AF5D2E95C4E4008A3464 /* Remove Google AI Overview Extension.appex */ = {isa = PBXFileReference; explicitFileType = "wrapper.app-extension"; includeInIndex = 0; path = "Remove Google AI Overview Extension.appex"; sourceTree = BUILT_PRODUCTS_DIR; };
		B201AF672E95C4E4008A3464 /* Remove Google AI Overview Extension.appex */ = {isa = PBXFileReference; explicitFileType = "wrapper.app-extension"; includeInIndex = 0; path = "Remove Google AI Overview Extension.appex"; sourceTree = BUILT_PRODUCTS_DIR; };
		B248D6082E98ABB20055FF1F /* build_js.sh */ = {isa = PBXFileReference; lastKnownFileType = text.script.sh; path = build_js.sh; sourceTree = "<group>"; };
		B2D49E892E95FEBF00F36696 /* AppIcon.icon */ = {isa = PBXFileReference; lastKnownFileType = folder.iconcomposer.icon; path = AppIcon.icon; sourceTree = "<group>"; };
/* End PBXFileReference section */

/* Begin PBXFileSystemSynchronizedBuildFileExceptionSet section */
		B201AF8B2E95C4E4008A3464 /* Exceptions for "Shared (App)" folder in "Remove Google AI Overview (iOS)" target */ = {
			isa = PBXFileSystemSynchronizedBuildFileExceptionSet;
			membershipExceptions = (
				"/Localized: Resources/Main.html",
				Assets.xcassets,
				Resources/icon.png,
				Resources/Script.js,
				Resources/Style.css,
				ViewController.swift,
			);
			target = B201AF3F2E95C4E4008A3464 /* Remove Google AI Overview (iOS) */;
		};
		B201AF8F2E95C4E4008A3464 /* Exceptions for "iOS (Extension)" folder in "Remove Google AI Overview Extension (iOS)" target */ = {
			isa = PBXFileSystemSynchronizedBuildFileExceptionSet;
			membershipExceptions = (
				Info.plist,
			);
			target = B201AF5C2E95C4E4008A3464 /* Remove Google AI Overview Extension (iOS) */;
		};
		B201AF942E95C4E4008A3464 /* Exceptions for "iOS (App)" folder in "Remove Google AI Overview (iOS)" target */ = {
			isa = PBXFileSystemSynchronizedBuildFileExceptionSet;
			membershipExceptions = (
				Info.plist,
			);
			target = B201AF3F2E95C4E4008A3464 /* Remove Google AI Overview (iOS) */;
		};
		B201AF952E95C4E4008A3464 /* Exceptions for "Shared (App)" folder in "Remove Google AI Overview (macOS)" target */ = {
			isa = PBXFileSystemSynchronizedBuildFileExceptionSet;
			membershipExceptions = (
				"/Localized: Resources/Main.html",
				Assets.xcassets,
				Resources/icon.png,
				Resources/Script.js,
				Resources/Style.css,
				ViewController.swift,
			);
			target = B201AF512E95C4E4008A3464 /* Remove Google AI Overview (macOS) */;
		};
		B201AF992E95C4E4008A3464 /* Exceptions for "macOS (Extension)" folder in "Remove Google AI Overview Extension (macOS)" target */ = {
			isa = PBXFileSystemSynchronizedBuildFileExceptionSet;
			membershipExceptions = (
				Info.plist,
			);
			target = B201AF662E95C4E4008A3464 /* Remove Google AI Overview Extension (macOS) */;
		};
		B201AF9E2E95C4E4008A3464 /* Exceptions for "Shared (Extension)" folder in "Remove Google AI Overview Extension (iOS)" target */ = {
			isa = PBXFileSystemSynchronizedBuildFileExceptionSet;
			membershipExceptions = (
				Resources/_locales,
				Resources/content.js,
				Resources/images,
				Resources/manifest.json,
				SafariWebExtensionHandler.swift,
			);
			target = B201AF5C2E95C4E4008A3464 /* Remove Google AI Overview Extension (iOS) */;
		};
		B201AF9F2E95C4E4008A3464 /* Exceptions for "Shared (Extension)" folder in "Remove Google AI Overview Extension (macOS)" target */ = {
			isa = PBXFileSystemSynchronizedBuildFileExceptionSet;
			membershipExceptions = (
				Resources/_locales,
				Resources/content.js,
				Resources/images,
				Resources/manifest.json,
				SafariWebExtensionHandler.swift,
			);
			target = B201AF662E95C4E4008A3464 /* Remove Google AI Overview Extension (macOS) */;
		};
		B248D6052E9899720055FF1F /* Exceptions for "Shared (App)" folder in "Remove Google AI Overview Extension (iOS)" target */ = {
			isa = PBXFileSystemSynchronizedBuildFileExceptionSet;
			membershipExceptions = (
				Resources/icon.png,
			);
			target = B201AF5C2E95C4E4008A3464 /* Remove Google AI Overview Extension (iOS) */;
		};
		B248D6062E9899720055FF1F /* Exceptions for "Shared (App)" folder in "Remove Google AI Overview Extension (macOS)" target */ = {
			isa = PBXFileSystemSynchronizedBuildFileExceptionSet;
			membershipExceptions = (
				Resources/icon.png,
			);
			target = B201AF662E95C4E4008A3464 /* Remove Google AI Overview Extension (macOS) */;
		};
/* End PBXFileSystemSynchronizedBuildFileExceptionSet section */

/* Begin PBXFileSystemSynchronizedRootGroup section */
		B201AF282E95C4E2008A3464 /* Shared (App) */ = {
			isa = PBXFileSystemSynchronizedRootGroup;
			exceptions = (
				B201AF8B2E95C4E4008A3464 /* Exceptions for "Shared (App)" folder in "Remove Google AI Overview (iOS)" target */,
				B201AF952E95C4E4008A3464 /* Exceptions for "Shared (App)" folder in "Remove Google AI Overview (macOS)" target */,
				B248D6052E9899720055FF1F /* Exceptions for "Shared (App)" folder in "Remove Google AI Overview Extension (iOS)" target */,
				B248D6062E9899720055FF1F /* Exceptions for "Shared (App)" folder in "Remove Google AI Overview Extension (macOS)" target */,
			);
			path = "Shared (App)";
			sourceTree = "<group>";
		};
		B201AF312E95C4E4008A3464 /* Shared (Extension) */ = {
			isa = PBXFileSystemSynchronizedRootGroup;
			exceptions = (
				B201AF9E2E95C4E4008A3464 /* Exceptions for "Shared (Extension)" folder in "Remove Google AI Overview Extension (iOS)" target */,
				B201AF9F2E95C4E4008A3464 /* Exceptions for "Shared (Extension)" folder in "Remove Google AI Overview Extension (macOS)" target */,
			);
			explicitFolders = (
				Resources/_locales,
				Resources/images,
			);
			path = "Shared (Extension)";
			sourceTree = "<group>";
		};
		B201AF422E95C4E4008A3464 /* iOS (App) */ = {
			isa = PBXFileSystemSynchronizedRootGroup;
			exceptions = (
				B201AF942E95C4E4008A3464 /* Exceptions for "iOS (App)" folder in "Remove Google AI Overview (iOS)" target */,
			);
			path = "iOS (App)";
			sourceTree = "<group>";
		};
		B201AF532E95C4E4008A3464 /* macOS (App) */ = {
			isa = PBXFileSystemSynchronizedRootGroup;
			path = "macOS (App)";
			sourceTree = "<group>";
		};
		B201AF612E95C4E4008A3464 /* iOS (Extension) */ = {
			isa = PBXFileSystemSynchronizedRootGroup;
			exceptions = (
				B201AF8F2E95C4E4008A3464 /* Exceptions for "iOS (Extension)" folder in "Remove Google AI Overview Extension (iOS)" target */,
			);
			path = "iOS (Extension)";
			sourceTree = "<group>";
		};
		B201AF6B2E95C4E4008A3464 /* macOS (Extension) */ = {
			isa = PBXFileSystemSynchronizedRootGroup;
			exceptions = (
				B201AF992E95C4E4008A3464 /* Exceptions for "macOS (Extension)" folder in "Remove Google AI Overview Extension (macOS)" target */,
			);
			path = "macOS (Extension)";
			sourceTree = "<group>";
		};
/* End PBXFileSystemSynchronizedRootGroup section */

/* Begin PBXFrameworksBuildPhase section */
		B201AF3D2E95C4E4008A3464 /* Frameworks */ = {
			isa = PBXFrameworksBuildPhase;
			buildActionMask = 2147483647;
			files = (
			);
			runOnlyForDeploymentPostprocessing = 0;
		};
		B201AF4F2E95C4E4008A3464 /* Frameworks */ = {
			isa = PBXFrameworksBuildPhase;
			buildActionMask = 2147483647;
			files = (
			);
			runOnlyForDeploymentPostprocessing = 0;
		};
		B201AF5A2E95C4E4008A3464 /* Frameworks */ = {
			isa = PBXFrameworksBuildPhase;
			buildActionMask = 2147483647;
			files = (
			);
			runOnlyForDeploymentPostprocessing = 0;
		};
		B201AF642E95C4E4008A3464 /* Frameworks */ = {
			isa = PBXFrameworksBuildPhase;
			buildActionMask = 2147483647;
			files = (
			);
			runOnlyForDeploymentPostprocessing = 0;
		};
/* End PBXFrameworksBuildPhase section */

/* Begin PBXGroup section */
		B201AF232E95C4E2008A3464 = {
			isa = PBXGroup;
			children = (
				B248D6082E98ABB20055FF1F /* build_js.sh */,
				B2D49E892E95FEBF00F36696 /* AppIcon.icon */,
				B201AF282E95C4E2008A3464 /* Shared (App) */,
				B201AF312E95C4E4008A3464 /* Shared (Extension) */,
				B201AF422E95C4E4008A3464 /* iOS (App) */,
				B201AF532E95C4E4008A3464 /* macOS (App) */,
				B201AF612E95C4E4008A3464 /* iOS (Extension) */,
				B201AF6B2E95C4E4008A3464 /* macOS (Extension) */,
				B201AF412E95C4E4008A3464 /* Products */,
			);
			sourceTree = "<group>";
		};
		B201AF412E95C4E4008A3464 /* Products */ = {
			isa = PBXGroup;
			children = (
				B201AF402E95C4E4008A3464 /* Remove Google AI Overview.app */,
				B201AF522E95C4E4008A3464 /* Remove Google AI Overview.app */,
				B201AF5D2E95C4E4008A3464 /* Remove Google AI Overview Extension.appex */,
				B201AF672E95C4E4008A3464 /* Remove Google AI Overview Extension.appex */,
			);
			name = Products;
			sourceTree = "<group>";
		};
/* End PBXGroup section */

/* Begin PBXNativeTarget section */
		B201AF3F2E95C4E4008A3464 /* Remove Google AI Overview (iOS) */ = {
			isa = PBXNativeTarget;
			buildConfigurationList = B201AF912E95C4E4008A3464 /* Build configuration list for PBXNativeTarget "Remove Google AI Overview (iOS)" */;
			buildPhases = (
				B201AF3C2E95C4E4008A3464 /* Sources */,
				B201AF3D2E95C4E4008A3464 /* Frameworks */,
				B201AF3E2E95C4E4008A3464 /* Resources */,
				B201AF902E95C4E4008A3464 /* Embed Foundation Extensions */,
			);
			buildRules = (
			);
			dependencies = (
				B201AF602E95C4E4008A3464 /* PBXTargetDependency */,
			);
			fileSystemSynchronizedGroups = (
				B201AF422E95C4E4008A3464 /* iOS (App) */,
			);
			name = "Remove Google AI Overview (iOS)";
			packageProductDependencies = (
			);
			productName = "Remove Google AI Overview (iOS)";
			productReference = B201AF402E95C4E4008A3464 /* Remove Google AI Overview.app */;
			productType = "com.apple.product-type.application";
		};
		B201AF512E95C4E4008A3464 /* Remove Google AI Overview (macOS) */ = {
			isa = PBXNativeTarget;
			buildConfigurationList = B201AF9B2E95C4E4008A3464 /* Build configuration list for PBXNativeTarget "Remove Google AI Overview (macOS)" */;
			buildPhases = (
				B201AF4E2E95C4E4008A3464 /* Sources */,
				B201AF4F2E95C4E4008A3464 /* Frameworks */,
				B201AF502E95C4E4008A3464 /* Resources */,
				B201AF9A2E95C4E4008A3464 /* Embed Foundation Extensions */,
			);
			buildRules = (
			);
			dependencies = (
				B201AF6A2E95C4E4008A3464 /* PBXTargetDependency */,
			);
			fileSystemSynchronizedGroups = (
				B201AF532E95C4E4008A3464 /* macOS (App) */,
			);
			name = "Remove Google AI Overview (macOS)";
			packageProductDependencies = (
			);
			productName = "Remove Google AI Overview (macOS)";
			productReference = B201AF522E95C4E4008A3464 /* Remove Google AI Overview.app */;
			productType = "com.apple.product-type.application";
		};
		B201AF5C2E95C4E4008A3464 /* Remove Google AI Overview Extension (iOS) */ = {
			isa = PBXNativeTarget;
			buildConfigurationList = B201AF8C2E95C4E4008A3464 /* Build configuration list for PBXNativeTarget "Remove Google AI Overview Extension (iOS)" */;
			buildPhases = (
				B201AF592E95C4E4008A3464 /* Sources */,
				B201AF5A2E95C4E4008A3464 /* Frameworks */,
				B248D60B2E98AD0C0055FF1F /* ShellScript */,
				B201AF5B2E95C4E4008A3464 /* Resources */,
			);
			buildRules = (
			);
			dependencies = (
			);
			fileSystemSynchronizedGroups = (
				B201AF612E95C4E4008A3464 /* iOS (Extension) */,
			);
			name = "Remove Google AI Overview Extension (iOS)";
			packageProductDependencies = (
			);
			productName = "Remove Google AI Overview Extension (iOS)";
			productReference = B201AF5D2E95C4E4008A3464 /* Remove Google AI Overview Extension.appex */;
			productType = "com.apple.product-type.app-extension";
		};
		B201AF662E95C4E4008A3464 /* Remove Google AI Overview Extension (macOS) */ = {
			isa = PBXNativeTarget;
			buildConfigurationList = B201AF962E95C4E4008A3464 /* Build configuration list for PBXNativeTarget "Remove Google AI Overview Extension (macOS)" */;
			buildPhases = (
				B201AF632E95C4E4008A3464 /* Sources */,
				B201AF642E95C4E4008A3464 /* Frameworks */,
				B248D6072E98A23C0055FF1F /* Run Script */,
				B201AF652E95C4E4008A3464 /* Resources */,
			);
			buildRules = (
			);
			dependencies = (
			);
			fileSystemSynchronizedGroups = (
				B201AF6B2E95C4E4008A3464 /* macOS (Extension) */,
			);
			name = "Remove Google AI Overview Extension (macOS)";
			packageProductDependencies = (
			);
			productName = "Remove Google AI Overview Extension (macOS)";
			productReference = B201AF672E95C4E4008A3464 /* Remove Google AI Overview Extension.appex */;
			productType = "com.apple.product-type.app-extension";
		};
/* End PBXNativeTarget section */

/* Begin PBXProject section */
		B201AF242E95C4E2008A3464 /* Project object */ = {
			isa = PBXProject;
			attributes = {
				BuildIndependentTargetsInParallel = 1;
				LastSwiftUpdateCheck = 2600;
				LastUpgradeCheck = 2600;
				TargetAttributes = {
					B201AF3F2E95C4E4008A3464 = {
						CreatedOnToolsVersion = 26.0.1;
					};
					B201AF512E95C4E4008A3464 = {
						CreatedOnToolsVersion = 26.0.1;
					};
					B201AF5C2E95C4E4008A3464 = {
						CreatedOnToolsVersion = 26.0.1;
					};
					B201AF662E95C4E4008A3464 = {
						CreatedOnToolsVersion = 26.0.1;
					};
				};
			};
			buildConfigurationList = B201AF272E95C4E2008A3464 /* Build configuration list for PBXProject "Remove Google AI Overview" */;
			developmentRegion = en;
			hasScannedForEncodings = 0;
			knownRegions = (
				en,
				Base,
			);
			mainGroup = B201AF232E95C4E2008A3464;
			minimizedProjectReferenceProxies = 1;
			preferredProjectObjectVersion = 77;
			productRefGroup = B201AF412E95C4E4008A3464 /* Products */;
			projectDirPath = "";
			projectRoot = "";
			targets = (
				B201AF3F2E95C4E4008A3464 /* Remove Google AI Overview (iOS) */,
				B201AF512E95C4E4008A3464 /* Remove Google AI Overview (macOS) */,
				B201AF5C2E95C4E4008A3464 /* Remove Google AI Overview Extension (iOS) */,
				B201AF662E95C4E4008A3464 /* Remove Google AI Overview Extension (macOS) */,
			);
		};
/* End PBXProject section */

/* Begin PBXResourcesBuildPhase section */
		B201AF3E2E95C4E4008A3464 /* Resources */ = {
			isa = PBXResourcesBuildPhase;
			buildActionMask = 2147483647;
			files = (
				B2D49E8A2E95FEBF00F36696 /* AppIcon.icon in Resources */,
			);
			runOnlyForDeploymentPostprocessing = 0;
		};
		B201AF502E95C4E4008A3464 /* Resources */ = {
			isa = PBXResourcesBuildPhase;
			buildActionMask = 2147483647;
			files = (
				B2D49E8D2E95FEBF00F36696 /* AppIcon.icon in Resources */,
			);
			runOnlyForDeploymentPostprocessing = 0;
		};
		B201AF5B2E95C4E4008A3464 /* Resources */ = {
			isa = PBXResourcesBuildPhase;
			buildActionMask = 2147483647;
			files = (
				B248D6092E98ABB20055FF1F /* build_js.sh in Resources */,
				B2D49E8C2E95FEBF00F36696 /* AppIcon.icon in Resources */,
			);
			runOnlyForDeploymentPostprocessing = 0;
		};
		B201AF652E95C4E4008A3464 /* Resources */ = {
			isa = PBXResourcesBuildPhase;
			buildActionMask = 2147483647;
			files = (
				B248D60A2E98ABB20055FF1F /* build_js.sh in Resources */,
				B2D49E8B2E95FEBF00F36696 /* AppIcon.icon in Resources */,
			);
			runOnlyForDeploymentPostprocessing = 0;
		};
/* End PBXResourcesBuildPhase section */

/* Begin PBXShellScriptBuildPhase section */
		B248D6072E98A23C0055FF1F /* Run Script */ = {
			isa = PBXShellScriptBuildPhase;
			alwaysOutOfDate = 1;
			buildActionMask = 2147483647;
			files = (
			);
			inputFileListPaths = (
			);
			inputPaths = (
				"$(SRCROOT)/build_js.sh",
			);
			name = "Run Script";
			outputFileListPaths = (
			);
			outputPaths = (
				"$(SRCROOT)/Shared (Extension)/Resources/content.js",
			);
			runOnlyForDeploymentPostprocessing = 0;
			shellPath = /bin/bash;
			shellScript = "# Type a script or drag a script file from your workspace to insert its path.\nchmod +x build_js.sh\n./build_js.sh\n";
		};
		B248D60B2E98AD0C0055FF1F /* ShellScript */ = {
			isa = PBXShellScriptBuildPhase;
			alwaysOutOfDate = 1;
			buildActionMask = 2147483647;
			files = (
			);
			inputFileListPaths = (
			);
			inputPaths = (
				"$(SRCROOT)/build_js.sh",
			);
			outputFileListPaths = (
			);
			outputPaths = (
				"$(SRCROOT)/Shared (Extension)/Resources/content.js",
			);
			runOnlyForDeploymentPostprocessing = 0;
			shellPath = /bin/bash;
			shellScript = "# Type a script or drag a script file from your workspace to insert its path.\nchmod +x build_js.sh\n./build_js.sh\n";
		};
/* End PBXShellScriptBuildPhase section */

/* Begin PBXSourcesBuildPhase section */
		B201AF3C2E95C4E4008A3464 /* Sources */ = {
			isa = PBXSourcesBuildPhase;
			buildActionMask = 2147483647;
			files = (
			);
			runOnlyForDeploymentPostprocessing = 0;
		};
		B201AF4E2E95C4E4008A3464 /* Sources */ = {
			isa = PBXSourcesBuildPhase;
			buildActionMask = 2147483647;
			files = (
			);
			runOnlyForDeploymentPostprocessing = 0;
		};
		B201AF592E95C4E4008A3464 /* Sources */ = {
			isa = PBXSourcesBuildPhase;
			buildActionMask = 2147483647;
			files = (
			);
			runOnlyForDeploymentPostprocessing = 0;
		};
		B201AF632E95C4E4008A3464 /* Sources */ = {
			isa = PBXSourcesBuildPhase;
			buildActionMask = 2147483647;
			files = (
			);
			runOnlyForDeploymentPostprocessing = 0;
		};
/* End PBXSourcesBuildPhase section */

/* Begin PBXTargetDependency section */
		B201AF602E95C4E4008A3464 /* PBXTargetDependency */ = {
			isa = PBXTargetDependency;
			target = B201AF5C2E95C4E4008A3464 /* Remove Google AI Overview Extension (iOS) */;
			targetProxy = B201AF5F2E95C4E4008A3464 /* PBXContainerItemProxy */;
		};
		B201AF6A2E95C4E4008A3464 /* PBXTargetDependency */ = {
			isa = PBXTargetDependency;
			target = B201AF662E95C4E4008A3464 /* Remove Google AI Overview Extension (macOS) */;
			targetProxy = B201AF692E95C4E4008A3464 /* PBXContainerItemProxy */;
		};
/* End PBXTargetDependency section */

/* Begin XCBuildConfiguration section */
		B201AF8D2E95C4E4008A3464 /* Debug */ = {
			isa = XCBuildConfiguration;
			buildSettings = {
				CODE_SIGN_STYLE = Automatic;
				CURRENT_PROJECT_VERSION = 1;
				DEVELOPMENT_TEAM = H3BMXM4W7H;
				GENERATE_INFOPLIST_FILE = YES;
				INFOPLIST_FILE = "iOS (Extension)/Info.plist";
				INFOPLIST_KEY_CFBundleDisplayName = "Remove Google AI Overview Extension";
				INFOPLIST_KEY_NSHumanReadableCopyright = "";
				IPHONEOS_DEPLOYMENT_TARGET = 15.0;
				LD_RUNPATH_SEARCH_PATHS = (
					"$(inherited)",
					"@executable_path/Frameworks",
					"@executable_path/../../Frameworks",
				);
				MARKETING_VERSION = 1.0;
				OTHER_LDFLAGS = (
					"-framework",
					SafariServices,
				);
				PRODUCT_BUNDLE_IDENTIFIER = "goodkind-io.Remove-Google-AI-Overview.Extension";
				PRODUCT_NAME = "Remove Google AI Overview Extension";
				SDKROOT = iphoneos;
				SKIP_INSTALL = YES;
				STRING_CATALOG_GENERATE_SYMBOLS = YES;
				SWIFT_APPROACHABLE_CONCURRENCY = YES;
				SWIFT_EMIT_LOC_STRINGS = YES;
				SWIFT_UPCOMING_FEATURE_MEMBER_IMPORT_VISIBILITY = YES;
				SWIFT_VERSION = 5.0;
				TARGETED_DEVICE_FAMILY = "1,2";
			};
			name = Debug;
		};
		B201AF8E2E95C4E4008A3464 /* Release */ = {
			isa = XCBuildConfiguration;
			buildSettings = {
				CODE_SIGN_STYLE = Automatic;
				CURRENT_PROJECT_VERSION = 1;
				DEVELOPMENT_TEAM = H3BMXM4W7H;
				GENERATE_INFOPLIST_FILE = YES;
				INFOPLIST_FILE = "iOS (Extension)/Info.plist";
				INFOPLIST_KEY_CFBundleDisplayName = "Remove Google AI Overview Extension";
				INFOPLIST_KEY_NSHumanReadableCopyright = "";
				IPHONEOS_DEPLOYMENT_TARGET = 15.0;
				LD_RUNPATH_SEARCH_PATHS = (
					"$(inherited)",
					"@executable_path/Frameworks",
					"@executable_path/../../Frameworks",
				);
				MARKETING_VERSION = 1.0;
				OTHER_LDFLAGS = (
					"-framework",
					SafariServices,
				);
				PRODUCT_BUNDLE_IDENTIFIER = "goodkind-io.Remove-Google-AI-Overview.Extension";
				PRODUCT_NAME = "Remove Google AI Overview Extension";
				SDKROOT = iphoneos;
				SKIP_INSTALL = YES;
				STRING_CATALOG_GENERATE_SYMBOLS = YES;
				SWIFT_APPROACHABLE_CONCURRENCY = YES;
				SWIFT_EMIT_LOC_STRINGS = YES;
				SWIFT_UPCOMING_FEATURE_MEMBER_IMPORT_VISIBILITY = YES;
				SWIFT_VERSION = 5.0;
				TARGETED_DEVICE_FAMILY = "1,2";
				VALIDATE_PRODUCT = YES;
			};
			name = Release;
		};
		B201AF922E95C4E4008A3464 /* Debug */ = {
			isa = XCBuildConfiguration;
			buildSettings = {
				ASSETCATALOG_COMPILER_APPICON_NAME = AppIcon;
				ASSETCATALOG_COMPILER_GLOBAL_ACCENT_COLOR_NAME = AccentColor;
				ASSETCATALOG_COMPILER_INCLUDE_ALL_APPICON_ASSETS = YES;
				CODE_SIGN_STYLE = Automatic;
				CURRENT_PROJECT_VERSION = 1;
				DEVELOPMENT_TEAM = H3BMXM4W7H;
				GENERATE_INFOPLIST_FILE = YES;
				INFOPLIST_FILE = "iOS (App)/Info.plist";
				INFOPLIST_KEY_CFBundleDisplayName = "Remove Google AI Overview";
				INFOPLIST_KEY_LSApplicationCategoryType = "public.app-category.utilities";
				INFOPLIST_KEY_UIApplicationSupportsIndirectInputEvents = YES;
				INFOPLIST_KEY_UILaunchStoryboardName = Main.storyboard;
				INFOPLIST_KEY_UIMainStoryboardFile = Main;
				INFOPLIST_KEY_UISupportedInterfaceOrientations = "UIInterfaceOrientationPortrait UIInterfaceOrientationLandscapeLeft UIInterfaceOrientationLandscapeRight";
				INFOPLIST_KEY_UISupportedInterfaceOrientations_iPad = "UIInterfaceOrientationPortrait UIInterfaceOrientationPortraitUpsideDown UIInterfaceOrientationLandscapeLeft UIInterfaceOrientationLandscapeRight";
				IPHONEOS_DEPLOYMENT_TARGET = 15.0;
				LD_RUNPATH_SEARCH_PATHS = (
					"$(inherited)",
					"@executable_path/Frameworks",
				);
				MARKETING_VERSION = 1.0;
				OTHER_LDFLAGS = (
					"-framework",
					SafariServices,
					"-framework",
					WebKit,
				);
				PRODUCT_BUNDLE_IDENTIFIER = "goodkind-io.Remove-Google-AI-Overview";
				PRODUCT_NAME = "Remove Google AI Overview";
				SDKROOT = iphoneos;
				STRING_CATALOG_GENERATE_SYMBOLS = YES;
				SWIFT_APPROACHABLE_CONCURRENCY = YES;
				SWIFT_DEFAULT_ACTOR_ISOLATION = MainActor;
				SWIFT_EMIT_LOC_STRINGS = YES;
				SWIFT_UPCOMING_FEATURE_MEMBER_IMPORT_VISIBILITY = YES;
				SWIFT_VERSION = 5.0;
				TARGETED_DEVICE_FAMILY = "1,2";
			};
			name = Debug;
		};
		B201AF932E95C4E4008A3464 /* Release */ = {
			isa = XCBuildConfiguration;
			buildSettings = {
				ASSETCATALOG_COMPILER_APPICON_NAME = AppIcon;
				ASSETCATALOG_COMPILER_GLOBAL_ACCENT_COLOR_NAME = AccentColor;
				ASSETCATALOG_COMPILER_INCLUDE_ALL_APPICON_ASSETS = YES;
				CODE_SIGN_STYLE = Automatic;
				CURRENT_PROJECT_VERSION = 1;
				DEVELOPMENT_TEAM = H3BMXM4W7H;
				GENERATE_INFOPLIST_FILE = YES;
				INFOPLIST_FILE = "iOS (App)/Info.plist";
				INFOPLIST_KEY_CFBundleDisplayName = "Remove Google AI Overview";
				INFOPLIST_KEY_LSApplicationCategoryType = "public.app-category.utilities";
				INFOPLIST_KEY_UIApplicationSupportsIndirectInputEvents = YES;
				INFOPLIST_KEY_UILaunchStoryboardName = Main.storyboard;
				INFOPLIST_KEY_UIMainStoryboardFile = Main;
				INFOPLIST_KEY_UISupportedInterfaceOrientations = "UIInterfaceOrientationPortrait UIInterfaceOrientationLandscapeLeft UIInterfaceOrientationLandscapeRight";
				INFOPLIST_KEY_UISupportedInterfaceOrientations_iPad = "UIInterfaceOrientationPortrait UIInterfaceOrientationPortraitUpsideDown UIInterfaceOrientationLandscapeLeft UIInterfaceOrientationLandscapeRight";
				IPHONEOS_DEPLOYMENT_TARGET = 15.0;
				LD_RUNPATH_SEARCH_PATHS = (
					"$(inherited)",
					"@executable_path/Frameworks",
				);
				MARKETING_VERSION = 1.0;
				OTHER_LDFLAGS = (
					"-framework",
					SafariServices,
					"-framework",
					WebKit,
				);
				PRODUCT_BUNDLE_IDENTIFIER = "goodkind-io.Remove-Google-AI-Overview";
				PRODUCT_NAME = "Remove Google AI Overview";
				SDKROOT = iphoneos;
				STRING_CATALOG_GENERATE_SYMBOLS = YES;
				SWIFT_APPROACHABLE_CONCURRENCY = YES;
				SWIFT_DEFAULT_ACTOR_ISOLATION = MainActor;
				SWIFT_EMIT_LOC_STRINGS = YES;
				SWIFT_UPCOMING_FEATURE_MEMBER_IMPORT_VISIBILITY = YES;
				SWIFT_VERSION = 5.0;
				TARGETED_DEVICE_FAMILY = "1,2";
				VALIDATE_PRODUCT = YES;
			};
			name = Release;
		};
		B201AF972E95C4E4008A3464 /* Debug */ = {
			isa = XCBuildConfiguration;
			buildSettings = {
				CODE_SIGN_STYLE = Automatic;
				CURRENT_PROJECT_VERSION = 3;
				DEVELOPMENT_TEAM = H3BMXM4W7H;
				ENABLE_APP_SANDBOX = YES;
				ENABLE_HARDENED_RUNTIME = YES;
				ENABLE_USER_SELECTED_FILES = readonly;
				GENERATE_INFOPLIST_FILE = YES;
				INFOPLIST_FILE = "macOS (Extension)/Info.plist";
				INFOPLIST_KEY_CFBundleDisplayName = "Remove Google AI Overview Extension";
				INFOPLIST_KEY_NSHumanReadableCopyright = "";
				LD_RUNPATH_SEARCH_PATHS = (
					"$(inherited)",
					"@executable_path/../Frameworks",
					"@executable_path/../../../../Frameworks",
				);
				MACOSX_DEPLOYMENT_TARGET = 10.14;
				MARKETING_VERSION = 1.0;
				OTHER_LDFLAGS = (
					"-framework",
					SafariServices,
				);
				PRODUCT_BUNDLE_IDENTIFIER = "goodkind-io.Remove-Google-AI-Overview.Extension";
				PRODUCT_NAME = "Remove Google AI Overview Extension";
				SDKROOT = macosx;
				SKIP_INSTALL = YES;
				STRING_CATALOG_GENERATE_SYMBOLS = YES;
				SWIFT_APPROACHABLE_CONCURRENCY = YES;
				SWIFT_EMIT_LOC_STRINGS = YES;
				SWIFT_UPCOMING_FEATURE_MEMBER_IMPORT_VISIBILITY = YES;
				SWIFT_VERSION = 5.0;
			};
			name = Debug;
		};
		B201AF982E95C4E4008A3464 /* Release */ = {
			isa = XCBuildConfiguration;
			buildSettings = {
				CODE_SIGN_STYLE = Automatic;
				CURRENT_PROJECT_VERSION = 3;
				DEVELOPMENT_TEAM = H3BMXM4W7H;
				ENABLE_APP_SANDBOX = YES;
				ENABLE_HARDENED_RUNTIME = YES;
				ENABLE_USER_SELECTED_FILES = readonly;
				GENERATE_INFOPLIST_FILE = YES;
				INFOPLIST_FILE = "macOS (Extension)/Info.plist";
				INFOPLIST_KEY_CFBundleDisplayName = "Remove Google AI Overview Extension";
				INFOPLIST_KEY_NSHumanReadableCopyright = "";
				LD_RUNPATH_SEARCH_PATHS = (
					"$(inherited)",
					"@executable_path/../Frameworks",
					"@executable_path/../../../../Frameworks",
				);
				MACOSX_DEPLOYMENT_TARGET = 10.14;
				MARKETING_VERSION = 1.0;
				OTHER_LDFLAGS = (
					"-framework",
					SafariServices,
				);
				PRODUCT_BUNDLE_IDENTIFIER = "goodkind-io.Remove-Google-AI-Overview.Extension";
				PRODUCT_NAME = "Remove Google AI Overview Extension";
				SDKROOT = macosx;
				SKIP_INSTALL = YES;
				STRING_CATALOG_GENERATE_SYMBOLS = YES;
				SWIFT_APPROACHABLE_CONCURRENCY = YES;
				SWIFT_EMIT_LOC_STRINGS = YES;
				SWIFT_UPCOMING_FEATURE_MEMBER_IMPORT_VISIBILITY = YES;
				SWIFT_VERSION = 5.0;
			};
			name = Release;
		};
		B201AF9C2E95C4E4008A3464 /* Debug */ = {
			isa = XCBuildConfiguration;
			buildSettings = {
				ASSETCATALOG_COMPILER_APPICON_NAME = AppIcon;
				ASSETCATALOG_COMPILER_GLOBAL_ACCENT_COLOR_NAME = AccentColor;
				CODE_SIGN_STYLE = Automatic;
				CURRENT_PROJECT_VERSION = 1;
				DEVELOPMENT_TEAM = H3BMXM4W7H;
				ENABLE_APP_SANDBOX = YES;
				ENABLE_HARDENED_RUNTIME = YES;
				ENABLE_OUTGOING_NETWORK_CONNECTIONS = YES;
				ENABLE_USER_SELECTED_FILES = readonly;
				GENERATE_INFOPLIST_FILE = YES;
				INFOPLIST_KEY_CFBundleDisplayName = "Remove Google AI Overview";
				INFOPLIST_KEY_LSApplicationCategoryType = "public.app-category.utilities";
				INFOPLIST_KEY_NSMainStoryboardFile = Main;
				INFOPLIST_KEY_NSPrincipalClass = NSApplication;
				LD_RUNPATH_SEARCH_PATHS = (
					"$(inherited)",
					"@executable_path/../Frameworks",
				);
				MACOSX_DEPLOYMENT_TARGET = 10.14;
				MARKETING_VERSION = 1.0;
				OTHER_LDFLAGS = (
					"-framework",
					SafariServices,
					"-framework",
					WebKit,
				);
				PRODUCT_BUNDLE_IDENTIFIER = "goodkind-io.Remove-Google-AI-Overview";
				PRODUCT_NAME = "Remove Google AI Overview";
				REGISTER_APP_GROUPS = YES;
				SDKROOT = macosx;
				STRING_CATALOG_GENERATE_SYMBOLS = YES;
				SWIFT_APPROACHABLE_CONCURRENCY = YES;
				SWIFT_DEFAULT_ACTOR_ISOLATION = MainActor;
				SWIFT_EMIT_LOC_STRINGS = YES;
				SWIFT_UPCOMING_FEATURE_MEMBER_IMPORT_VISIBILITY = YES;
				SWIFT_VERSION = 5.0;
			};
			name = Debug;
		};
		B201AF9D2E95C4E4008A3464 /* Release */ = {
			isa = XCBuildConfiguration;
			buildSettings = {
				ASSETCATALOG_COMPILER_APPICON_NAME = AppIcon;
				ASSETCATALOG_COMPILER_GLOBAL_ACCENT_COLOR_NAME = AccentColor;
				CODE_SIGN_STYLE = Automatic;
				CURRENT_PROJECT_VERSION = 1;
				DEVELOPMENT_TEAM = H3BMXM4W7H;
				ENABLE_APP_SANDBOX = YES;
				ENABLE_HARDENED_RUNTIME = YES;
				ENABLE_OUTGOING_NETWORK_CONNECTIONS = YES;
				ENABLE_USER_SELECTED_FILES = readonly;
				GENERATE_INFOPLIST_FILE = YES;
				INFOPLIST_KEY_CFBundleDisplayName = "Remove Google AI Overview";
				INFOPLIST_KEY_LSApplicationCategoryType = "public.app-category.utilities";
				INFOPLIST_KEY_NSMainStoryboardFile = Main;
				INFOPLIST_KEY_NSPrincipalClass = NSApplication;
				LD_RUNPATH_SEARCH_PATHS = (
					"$(inherited)",
					"@executable_path/../Frameworks",
				);
				MACOSX_DEPLOYMENT_TARGET = 10.14;
				MARKETING_VERSION = 1.0;
				OTHER_LDFLAGS = (
					"-framework",
					SafariServices,
					"-framework",
					WebKit,
				);
				PRODUCT_BUNDLE_IDENTIFIER = "goodkind-io.Remove-Google-AI-Overview";
				PRODUCT_NAME = "Remove Google AI Overview";
				REGISTER_APP_GROUPS = YES;
				SDKROOT = macosx;
				STRING_CATALOG_GENERATE_SYMBOLS = YES;
				SWIFT_APPROACHABLE_CONCURRENCY = YES;
				SWIFT_DEFAULT_ACTOR_ISOLATION = MainActor;
				SWIFT_EMIT_LOC_STRINGS = YES;
				SWIFT_UPCOMING_FEATURE_MEMBER_IMPORT_VISIBILITY = YES;
				SWIFT_VERSION = 5.0;
			};
			name = Release;
		};
		B201AFA02E95C4E4008A3464 /* Debug */ = {
			isa = XCBuildConfiguration;
			buildSettings = {
				ALWAYS_SEARCH_USER_PATHS = NO;
				ASSETCATALOG_COMPILER_GENERATE_SWIFT_ASSET_SYMBOL_EXTENSIONS = YES;
				CLANG_ANALYZER_NONNULL = YES;
				CLANG_ANALYZER_NUMBER_OBJECT_CONVERSION = YES_AGGRESSIVE;
				CLANG_CXX_LANGUAGE_STANDARD = "gnu++20";
				CLANG_ENABLE_MODULES = YES;
				CLANG_ENABLE_OBJC_ARC = YES;
				CLANG_ENABLE_OBJC_WEAK = YES;
				CLANG_WARN_BLOCK_CAPTURE_AUTORELEASING = YES;
				CLANG_WARN_BOOL_CONVERSION = YES;
				CLANG_WARN_COMMA = YES;
				CLANG_WARN_CONSTANT_CONVERSION = YES;
				CLANG_WARN_DEPRECATED_OBJC_IMPLEMENTATIONS = YES;
				CLANG_WARN_DIRECT_OBJC_ISA_USAGE = YES_ERROR;
				CLANG_WARN_DOCUMENTATION_COMMENTS = YES;
				CLANG_WARN_EMPTY_BODY = YES;
				CLANG_WARN_ENUM_CONVERSION = YES;
				CLANG_WARN_INFINITE_RECURSION = YES;
				CLANG_WARN_INT_CONVERSION = YES;
				CLANG_WARN_NON_LITERAL_NULL_CONVERSION = YES;
				CLANG_WARN_OBJC_IMPLICIT_RETAIN_SELF = YES;
				CLANG_WARN_OBJC_LITERAL_CONVERSION = YES;
				CLANG_WARN_OBJC_ROOT_CLASS = YES_ERROR;
				CLANG_WARN_QUOTED_INCLUDE_IN_FRAMEWORK_HEADER = YES;
				CLANG_WARN_RANGE_LOOP_ANALYSIS = YES;
				CLANG_WARN_STRICT_PROTOTYPES = YES;
				CLANG_WARN_SUSPICIOUS_MOVE = YES;
				CLANG_WARN_UNGUARDED_AVAILABILITY = YES_AGGRESSIVE;
				CLANG_WARN_UNREACHABLE_CODE = YES;
				CLANG_WARN__DUPLICATE_METHOD_MATCH = YES;
				COPY_PHASE_STRIP = NO;
				DEBUG_INFORMATION_FORMAT = dwarf;
				DEVELOPMENT_TEAM = H3BMXM4W7H;
				ENABLE_STRICT_OBJC_MSGSEND = YES;
				ENABLE_TESTABILITY = YES;
				ENABLE_USER_SCRIPT_SANDBOXING = YES;
				GCC_C_LANGUAGE_STANDARD = gnu17;
				GCC_DYNAMIC_NO_PIC = NO;
				GCC_NO_COMMON_BLOCKS = YES;
				GCC_OPTIMIZATION_LEVEL = 0;
				GCC_PREPROCESSOR_DEFINITIONS = (
					"DEBUG=1",
					"$(inherited)",
				);
				GCC_WARN_64_TO_32_BIT_CONVERSION = YES;
				GCC_WARN_ABOUT_RETURN_TYPE = YES_ERROR;
				GCC_WARN_UNDECLARED_SELECTOR = YES;
				GCC_WARN_UNINITIALIZED_AUTOS = YES_AGGRESSIVE;
				GCC_WARN_UNUSED_FUNCTION = YES;
				GCC_WARN_UNUSED_VARIABLE = YES;
				LOCALIZATION_PREFERS_STRING_CATALOGS = YES;
				MTL_ENABLE_DEBUG_INFO = INCLUDE_SOURCE;
				MTL_FAST_MATH = YES;
				ONLY_ACTIVE_ARCH = YES;
				SWIFT_ACTIVE_COMPILATION_CONDITIONS = "DEBUG $(inherited)";
				SWIFT_OPTIMIZATION_LEVEL = "-Onone";
			};
			name = Debug;
		};
		B201AFA12E95C4E4008A3464 /* Release */ = {
			isa = XCBuildConfiguration;
			buildSettings = {
				ALWAYS_SEARCH_USER_PATHS = NO;
				ASSETCATALOG_COMPILER_GENERATE_SWIFT_ASSET_SYMBOL_EXTENSIONS = YES;
				CLANG_ANALYZER_NONNULL = YES;
				CLANG_ANALYZER_NUMBER_OBJECT_CONVERSION = YES_AGGRESSIVE;
				CLANG_CXX_LANGUAGE_STANDARD = "gnu++20";
				CLANG_ENABLE_MODULES = YES;
				CLANG_ENABLE_OBJC_ARC = YES;
				CLANG_ENABLE_OBJC_WEAK = YES;
				CLANG_WARN_BLOCK_CAPTURE_AUTORELEASING = YES;
				CLANG_WARN_BOOL_CONVERSION = YES;
				CLANG_WARN_COMMA = YES;
				CLANG_WARN_CONSTANT_CONVERSION = YES;
				CLANG_WARN_DEPRECATED_OBJC_IMPLEMENTATIONS = YES;
				CLANG_WARN_DIRECT_OBJC_ISA_USAGE = YES_ERROR;
				CLANG_WARN_DOCUMENTATION_COMMENTS = YES;
				CLANG_WARN_EMPTY_BODY = YES;
				CLANG_WARN_ENUM_CONVERSION = YES;
				CLANG_WARN_INFINITE_RECURSION = YES;
				CLANG_WARN_INT_CONVERSION = YES;
				CLANG_WARN_NON_LITERAL_NULL_CONVERSION = YES;
				CLANG_WARN_OBJC_IMPLICIT_RETAIN_SELF = YES;
				CLANG_WARN_OBJC_LITERAL_CONVERSION = YES;
				CLANG_WARN_OBJC_ROOT_CLASS = YES_ERROR;
				CLANG_WARN_QUOTED_INCLUDE_IN_FRAMEWORK_HEADER = YES;
				CLANG_WARN_RANGE_LOOP_ANALYSIS = YES;
				CLANG_WARN_STRICT_PROTOTYPES = YES;
				CLANG_WARN_SUSPICIOUS_MOVE = YES;
				CLANG_WARN_UNGUARDED_AVAILABILITY = YES_AGGRESSIVE;
				CLANG_WARN_UNREACHABLE_CODE = YES;
				CLANG_WARN__DUPLICATE_METHOD_MATCH = YES;
				COPY_PHASE_STRIP = NO;
				DEBUG_INFORMATION_FORMAT = "dwarf-with-dsym";
				DEVELOPMENT_TEAM = H3BMXM4W7H;
				ENABLE_NS_ASSERTIONS = NO;
				ENABLE_STRICT_OBJC_MSGSEND = YES;
				ENABLE_USER_SCRIPT_SANDBOXING = YES;
				GCC_C_LANGUAGE_STANDARD = gnu17;
				GCC_NO_COMMON_BLOCKS = YES;
				GCC_WARN_64_TO_32_BIT_CONVERSION = YES;
				GCC_WARN_ABOUT_RETURN_TYPE = YES_ERROR;
				GCC_WARN_UNDECLARED_SELECTOR = YES;
				GCC_WARN_UNINITIALIZED_AUTOS = YES_AGGRESSIVE;
				GCC_WARN_UNUSED_FUNCTION = YES;
				GCC_WARN_UNUSED_VARIABLE = YES;
				LOCALIZATION_PREFERS_STRING_CATALOGS = YES;
				MTL_ENABLE_DEBUG_INFO = NO;
				MTL_FAST_MATH = YES;
				SWIFT_COMPILATION_MODE = wholemodule;
			};
			name = Release;
		};
/* End XCBuildConfiguration section */

/* Begin XCConfigurationList section */
		B201AF272E95C4E2008A3464 /* Build configuration list for PBXProject "Remove Google AI Overview" */ = {
			isa = XCConfigurationList;
			buildConfigurations = (
				B201AFA02E95C4E4008A3464 /* Debug */,
				B201AFA12E95C4E4008A3464 /* Release */,
			);
			defaultConfigurationIsVisible = 0;
			defaultConfigurationName = Release;
		};
		B201AF8C2E95C4E4008A3464 /* Build configuration list for PBXNativeTarget "Remove Google AI Overview Extension (iOS)" */ = {
			isa = XCConfigurationList;
			buildConfigurations = (
				B201AF8D2E95C4E4008A3464 /* Debug */,
				B201AF8E2E95C4E4008A3464 /* Release */,
			);
			defaultConfigurationIsVisible = 0;
			defaultConfigurationName = Release;
		};
		B201AF912E95C4E4008A3464 /* Build configuration list for PBXNativeTarget "Remove Google AI Overview (iOS)" */ = {
			isa = XCConfigurationList;
			buildConfigurations = (
				B201AF922E95C4E4008A3464 /* Debug */,
				B201AF932E95C4E4008A3464 /* Release */,
			);
			defaultConfigurationIsVisible = 0;
			defaultConfigurationName = Release;
		};
		B201AF962E95C4E4008A3464 /* Build configuration list for PBXNativeTarget "Remove Google AI Overview Extension (macOS)" */ = {
			isa = XCConfigurationList;
			buildConfigurations = (
				B201AF972E95C4E4008A3464 /* Debug */,
				B201AF982E95C4E4008A3464 /* Release */,
			);
			defaultConfigurationIsVisible = 0;
			defaultConfigurationName = Release;
		};
		B201AF9B2E95C4E4008A3464 /* Build configuration list for PBXNativeTarget "Remove Google AI Overview (macOS)" */ = {
			isa = XCConfigurationList;
			buildConfigurations = (
				B201AF9C2E95C4E4008A3464 /* Debug */,
				B201AF9D2E95C4E4008A3464 /* Release */,
			);
			defaultConfigurationIsVisible = 0;
			defaultConfigurationName = Release;
		};
/* End XCConfigurationList section */
	};
	rootObject = B201AF242E95C4E2008A3464 /* Project object */;
}
